// !$*UTF8*$!
{
	archiveVersion = 1;
	classes = {
	};
	objectVersion = 46;
	objects = {

/* Begin PBXBuildFile section */
		9D1E46C61D6DFBAA00772202 /* User.swift in Sources */ = {isa = PBXBuildFile; fileRef = 9D1E46C51D6DFBAA00772202 /* User.swift */; };
		9D1E47121D6E059A00772202 /* Wish.swift in Sources */ = {isa = PBXBuildFile; fileRef = 9D1E47111D6E059A00772202 /* Wish.swift */; };
		9D1E47451D6E11CA00772202 /* AlamofireObjectMapper.framework in CopyFiles */ = {isa = PBXBuildFile; fileRef = 9D1E47361D6E119D00772202 /* AlamofireObjectMapper.framework */; settings = {ATTRIBUTES = (CodeSignOnCopy, RemoveHeadersOnCopy, ); }; };
		9D1E475A1D6E524C00772202 /* CryptoSwift.framework in CopyFiles */ = {isa = PBXBuildFile; fileRef = 9D1E474F1D6E523300772202 /* CryptoSwift.framework */; settings = {ATTRIBUTES = (CodeSignOnCopy, RemoveHeadersOnCopy, ); }; };
		9D2CA05D1D6CBD2F00F8997E /* AppDelegate.swift in Sources */ = {isa = PBXBuildFile; fileRef = 9D2CA05C1D6CBD2F00F8997E /* AppDelegate.swift */; };
		9D2CA05F1D6CBD2F00F8997E /* ViewController.swift in Sources */ = {isa = PBXBuildFile; fileRef = 9D2CA05E1D6CBD2F00F8997E /* ViewController.swift */; };
		9D2CA0621D6CBD2F00F8997E /* Main.storyboard in Resources */ = {isa = PBXBuildFile; fileRef = 9D2CA0601D6CBD2F00F8997E /* Main.storyboard */; };
		9D2CA0641D6CBD2F00F8997E /* Assets.xcassets in Resources */ = {isa = PBXBuildFile; fileRef = 9D2CA0631D6CBD2F00F8997E /* Assets.xcassets */; };
		9D2CA0671D6CBD2F00F8997E /* LaunchScreen.storyboard in Resources */ = {isa = PBXBuildFile; fileRef = 9D2CA0651D6CBD2F00F8997E /* LaunchScreen.storyboard */; };
		9D2CA08A1D6CBF5A00F8997E /* Alamofire.framework in CopyFiles */ = {isa = PBXBuildFile; fileRef = 9D2CA07A1D6CBF2900F8997E /* Alamofire.framework */; settings = {ATTRIBUTES = (CodeSignOnCopy, RemoveHeadersOnCopy, ); }; };
		9D2CA0A91D6CC06500F8997E /* SwiftyJSON.framework in CopyFiles */ = {isa = PBXBuildFile; fileRef = 9D2CA0961D6CC02100F8997E /* SwiftyJSON.framework */; settings = {ATTRIBUTES = (CodeSignOnCopy, RemoveHeadersOnCopy, ); }; };
		9D2CA0AF1D6CC67F00F8997E /* LoginViewController.swift in Sources */ = {isa = PBXBuildFile; fileRef = 9D2CA0AE1D6CC67F00F8997E /* LoginViewController.swift */; };
		9D7B07D21D6CFBB600BB5FF1 /* RegisterViewController.swift in Sources */ = {isa = PBXBuildFile; fileRef = 9D7B07D11D6CFBB600BB5FF1 /* RegisterViewController.swift */; };
		9D926E311D70CD8C0040FDF8 /* NavigationViewController.swift in Sources */ = {isa = PBXBuildFile; fileRef = 9D926E301D70CD8C0040FDF8 /* NavigationViewController.swift */; };
		9D926E331D70DBDF0040FDF8 /* PointsViewController.swift in Sources */ = {isa = PBXBuildFile; fileRef = 9D926E321D70DBDF0040FDF8 /* PointsViewController.swift */; };
		9D926E351D70DBFA0040FDF8 /* FAQViewController.swift in Sources */ = {isa = PBXBuildFile; fileRef = 9D926E341D70DBFA0040FDF8 /* FAQViewController.swift */; };
		9D926E391D70E3FE0040FDF8 /* FAQTabViewController.swift in Sources */ = {isa = PBXBuildFile; fileRef = 9D926E381D70E3FE0040FDF8 /* FAQTabViewController.swift */; };
		9D926E3C1D70E4D60040FDF8 /* HomeTabViewController.swift in Sources */ = {isa = PBXBuildFile; fileRef = 9D926E3B1D70E4D60040FDF8 /* HomeTabViewController.swift */; };
		9D926E3E1D70E4EF0040FDF8 /* PointsTabViewController.swift in Sources */ = {isa = PBXBuildFile; fileRef = 9D926E3D1D70E4EF0040FDF8 /* PointsTabViewController.swift */; };
		9D926E401D70E50C0040FDF8 /* NotificationTabViewController.swift in Sources */ = {isa = PBXBuildFile; fileRef = 9D926E3F1D70E50C0040FDF8 /* NotificationTabViewController.swift */; };
		9D926E431D70EF260040FDF8 /* NotificationTabOneViewController.swift in Sources */ = {isa = PBXBuildFile; fileRef = 9D926E421D70EF260040FDF8 /* NotificationTabOneViewController.swift */; };
		9D926E451D70EF3D0040FDF8 /* NotificationTabTwoViewController.swift in Sources */ = {isa = PBXBuildFile; fileRef = 9D926E441D70EF3D0040FDF8 /* NotificationTabTwoViewController.swift */; };
		9D926E471D70EF550040FDF8 /* PointsTabOneViewController.swift in Sources */ = {isa = PBXBuildFile; fileRef = 9D926E461D70EF550040FDF8 /* PointsTabOneViewController.swift */; };
		9D926E491D70EF650040FDF8 /* PointsTabTwoViewController.swift in Sources */ = {isa = PBXBuildFile; fileRef = 9D926E481D70EF650040FDF8 /* PointsTabTwoViewController.swift */; };
		9D926E4B1D70EF8F0040FDF8 /* FAQTabOneViewController.swift in Sources */ = {isa = PBXBuildFile; fileRef = 9D926E4A1D70EF8F0040FDF8 /* FAQTabOneViewController.swift */; };
		9D926E4D1D70EFA30040FDF8 /* FAQTabTwoViewController.swift in Sources */ = {isa = PBXBuildFile; fileRef = 9D926E4C1D70EFA30040FDF8 /* FAQTabTwoViewController.swift */; };
		9D926E511D70FC780040FDF8 /* Preference.swift in Sources */ = {isa = PBXBuildFile; fileRef = 9D926E501D70FC780040FDF8 /* Preference.swift */; };
		9DB9FA641D6F48C600E24891 /* ProfileViewController.swift in Sources */ = {isa = PBXBuildFile; fileRef = 9DB9FA631D6F48C600E24891 /* ProfileViewController.swift */; };
		9DB9FA6C1D6F519D00E24891 /* BaseViewController.swift in Sources */ = {isa = PBXBuildFile; fileRef = 9DB9FA6B1D6F519D00E24891 /* BaseViewController.swift */; };
		9DB9FA6E1D6F546600E24891 /* MenuViewController.swift in Sources */ = {isa = PBXBuildFile; fileRef = 9DB9FA6D1D6F546600E24891 /* MenuViewController.swift */; };
		9DB9FA701D6F551B00E24891 /* WishViewController.swift in Sources */ = {isa = PBXBuildFile; fileRef = 9DB9FA6F1D6F551B00E24891 /* WishViewController.swift */; };
		9DB9FA911D6F96C600E24891 /* HomeVC.swift in Sources */ = {isa = PBXBuildFile; fileRef = 9DB9FA901D6F96C600E24891 /* HomeVC.swift */; };
		9DB9FA931D6F96FB00E24891 /* PlayVC.swift in Sources */ = {isa = PBXBuildFile; fileRef = 9DB9FA921D6F96FB00E24891 /* PlayVC.swift */; };
/* End PBXBuildFile section */

/* Begin PBXContainerItemProxy section */
		9D1E47351D6E119D00772202 /* PBXContainerItemProxy */ = {
			isa = PBXContainerItemProxy;
			containerPortal = 9D1E472B1D6E119C00772202 /* AlamofireObjectMapper.xcodeproj */;
			proxyType = 2;
			remoteGlobalIDString = 6AB2A0111AF26C36001EBB20;
			remoteInfo = "AlamofireObjectMapper iOS";
		};
		9D1E47371D6E119D00772202 /* PBXContainerItemProxy */ = {
			isa = PBXContainerItemProxy;
			containerPortal = 9D1E472B1D6E119C00772202 /* AlamofireObjectMapper.xcodeproj */;
			proxyType = 2;
			remoteGlobalIDString = 6AB2A01C1AF26C36001EBB20;
			remoteInfo = "AlamofireObjectMapperTests iOS";
		};
		9D1E47391D6E119D00772202 /* PBXContainerItemProxy */ = {
			isa = PBXContainerItemProxy;
			containerPortal = 9D1E472B1D6E119C00772202 /* AlamofireObjectMapper.xcodeproj */;
			proxyType = 2;
			remoteGlobalIDString = 6AB2A0851AF27DF1001EBB20;
			remoteInfo = "AlamofireObjectMapper OSX";
		};
		9D1E473B1D6E119D00772202 /* PBXContainerItemProxy */ = {
			isa = PBXContainerItemProxy;
			containerPortal = 9D1E472B1D6E119C00772202 /* AlamofireObjectMapper.xcodeproj */;
			proxyType = 2;
			remoteGlobalIDString = 6AB2A08F1AF27DF1001EBB20;
			remoteInfo = "AlamofireObjectMapperTests OSX";
		};
		9D1E473D1D6E119D00772202 /* PBXContainerItemProxy */ = {
			isa = PBXContainerItemProxy;
			containerPortal = 9D1E472B1D6E119C00772202 /* AlamofireObjectMapper.xcodeproj */;
			proxyType = 2;
			remoteGlobalIDString = 6AC692061BE3F69E004C119A;
			remoteInfo = "AlamofireObjectMapper tvOS";
		};
		9D1E473F1D6E119D00772202 /* PBXContainerItemProxy */ = {
			isa = PBXContainerItemProxy;
			containerPortal = 9D1E472B1D6E119C00772202 /* AlamofireObjectMapper.xcodeproj */;
			proxyType = 2;
			remoteGlobalIDString = 6AC692121BE3F7F5004C119A;
			remoteInfo = "AlamofireObjectMapperTests tvOS";
		};
		9D1E47411D6E119D00772202 /* PBXContainerItemProxy */ = {
			isa = PBXContainerItemProxy;
			containerPortal = 9D1E472B1D6E119C00772202 /* AlamofireObjectMapper.xcodeproj */;
			proxyType = 2;
			remoteGlobalIDString = 6AC4580C1BA34C5600054758;
			remoteInfo = "AlamofireObjectMapper watchOS";
		};
		9D1E47431D6E11C300772202 /* PBXContainerItemProxy */ = {
			isa = PBXContainerItemProxy;
			containerPortal = 9D1E472B1D6E119C00772202 /* AlamofireObjectMapper.xcodeproj */;
			proxyType = 1;
			remoteGlobalIDString = 6AB2A0101AF26C36001EBB20;
			remoteInfo = "AlamofireObjectMapper iOS";
		};
		9D1E474E1D6E523300772202 /* PBXContainerItemProxy */ = {
			isa = PBXContainerItemProxy;
			containerPortal = 9D1E47461D6E523300772202 /* CryptoSwift.xcodeproj */;
			proxyType = 2;
			remoteGlobalIDString = 754BE45519693E190098E6F3;
			remoteInfo = "CryptoSwift iOS";
		};
		9D1E47501D6E523300772202 /* PBXContainerItemProxy */ = {
			isa = PBXContainerItemProxy;
			containerPortal = 9D1E47461D6E523300772202 /* CryptoSwift.xcodeproj */;
			proxyType = 2;
			remoteGlobalIDString = 5596BDBB1BC8F220007E38D5;
			remoteInfo = "CryptoSwift watchOS";
		};
		9D1E47521D6E523300772202 /* PBXContainerItemProxy */ = {
			isa = PBXContainerItemProxy;
			containerPortal = 9D1E47461D6E523300772202 /* CryptoSwift.xcodeproj */;
			proxyType = 2;
			remoteGlobalIDString = 75DF77721BC8EB59006E9520;
			remoteInfo = "CryptoSwift OSX";
		};
		9D1E47541D6E523300772202 /* PBXContainerItemProxy */ = {
			isa = PBXContainerItemProxy;
			containerPortal = 9D1E47461D6E523300772202 /* CryptoSwift.xcodeproj */;
			proxyType = 2;
			remoteGlobalIDString = 75D614BF1BD844F2001358B2;
			remoteInfo = "CryptoSwift tvOS";
		};
		9D1E47561D6E523300772202 /* PBXContainerItemProxy */ = {
			isa = PBXContainerItemProxy;
			containerPortal = 9D1E47461D6E523300772202 /* CryptoSwift.xcodeproj */;
			proxyType = 2;
			remoteGlobalIDString = 754BE46019693E190098E6F3;
			remoteInfo = CryptoSwiftTests;
		};
		9D1E47581D6E524200772202 /* PBXContainerItemProxy */ = {
			isa = PBXContainerItemProxy;
			containerPortal = 9D1E47461D6E523300772202 /* CryptoSwift.xcodeproj */;
			proxyType = 1;
			remoteGlobalIDString = 754BE45419693E190098E6F3;
			remoteInfo = "CryptoSwift iOS";
		};
		9D2CA0791D6CBF2900F8997E /* PBXContainerItemProxy */ = {
			isa = PBXContainerItemProxy;
			containerPortal = 9D2CA06E1D6CBF2900F8997E /* Alamofire.xcodeproj */;
			proxyType = 2;
			remoteGlobalIDString = F8111E3319A95C8B0040E7D1;
			remoteInfo = "Alamofire iOS";
		};
		9D2CA07B1D6CBF2900F8997E /* PBXContainerItemProxy */ = {
			isa = PBXContainerItemProxy;
			containerPortal = 9D2CA06E1D6CBF2900F8997E /* Alamofire.xcodeproj */;
			proxyType = 2;
			remoteGlobalIDString = F8111E3E19A95C8B0040E7D1;
			remoteInfo = "Alamofire iOS Tests";
		};
		9D2CA07D1D6CBF2900F8997E /* PBXContainerItemProxy */ = {
			isa = PBXContainerItemProxy;
			containerPortal = 9D2CA06E1D6CBF2900F8997E /* Alamofire.xcodeproj */;
			proxyType = 2;
			remoteGlobalIDString = 4DD67C0B1A5C55C900ED2280;
			remoteInfo = "Alamofire OSX";
		};
		9D2CA07F1D6CBF2900F8997E /* PBXContainerItemProxy */ = {
			isa = PBXContainerItemProxy;
			containerPortal = 9D2CA06E1D6CBF2900F8997E /* Alamofire.xcodeproj */;
			proxyType = 2;
			remoteGlobalIDString = F829C6B21A7A94F100A2CD59;
			remoteInfo = "Alamofire OSX Tests";
		};
		9D2CA0811D6CBF2900F8997E /* PBXContainerItemProxy */ = {
			isa = PBXContainerItemProxy;
			containerPortal = 9D2CA06E1D6CBF2900F8997E /* Alamofire.xcodeproj */;
			proxyType = 2;
			remoteGlobalIDString = 4CF626EF1BA7CB3E0011A099;
			remoteInfo = "Alamofire tvOS";
		};
		9D2CA0831D6CBF2900F8997E /* PBXContainerItemProxy */ = {
			isa = PBXContainerItemProxy;
			containerPortal = 9D2CA06E1D6CBF2900F8997E /* Alamofire.xcodeproj */;
			proxyType = 2;
			remoteGlobalIDString = 4CF626F81BA7CB3E0011A099;
			remoteInfo = "Alamofire tvOS Tests";
		};
		9D2CA0851D6CBF2900F8997E /* PBXContainerItemProxy */ = {
			isa = PBXContainerItemProxy;
			containerPortal = 9D2CA06E1D6CBF2900F8997E /* Alamofire.xcodeproj */;
			proxyType = 2;
			remoteGlobalIDString = E4202FE01B667AA100C997FB;
			remoteInfo = "Alamofire watchOS";
		};
		9D2CA0951D6CC02100F8997E /* PBXContainerItemProxy */ = {
			isa = PBXContainerItemProxy;
			containerPortal = 9D2CA08B1D6CC02100F8997E /* SwiftyJSON.xcodeproj */;
			proxyType = 2;
			remoteGlobalIDString = 2E4FEFDB19575BE100351305;
			remoteInfo = "SwiftyJSON iOS";
		};
		9D2CA0971D6CC02100F8997E /* PBXContainerItemProxy */ = {
			isa = PBXContainerItemProxy;
			containerPortal = 9D2CA08B1D6CC02100F8997E /* SwiftyJSON.xcodeproj */;
			proxyType = 2;
			remoteGlobalIDString = 2E4FEFE619575BE100351305;
			remoteInfo = "SwiftyJSON iOS Tests";
		};
		9D2CA0991D6CC02100F8997E /* PBXContainerItemProxy */ = {
			isa = PBXContainerItemProxy;
			containerPortal = 9D2CA08B1D6CC02100F8997E /* SwiftyJSON.xcodeproj */;
			proxyType = 2;
			remoteGlobalIDString = 9C7DFC5B1A9102BD005AA3F7;
			remoteInfo = "SwiftyJSON OSX";
		};
		9D2CA09B1D6CC02100F8997E /* PBXContainerItemProxy */ = {
			isa = PBXContainerItemProxy;
			containerPortal = 9D2CA08B1D6CC02100F8997E /* SwiftyJSON.xcodeproj */;
			proxyType = 2;
			remoteGlobalIDString = 9C7DFC651A9102BD005AA3F7;
			remoteInfo = "SwiftyJSON OSX Tests";
		};
		9D2CA09D1D6CC02100F8997E /* PBXContainerItemProxy */ = {
			isa = PBXContainerItemProxy;
			containerPortal = 9D2CA08B1D6CC02100F8997E /* SwiftyJSON.xcodeproj */;
			proxyType = 2;
			remoteGlobalIDString = E4D7CCE81B9465A700EE7221;
			remoteInfo = "SwiftyJSON watchOS";
		};
		9D2CA09F1D6CC02100F8997E /* PBXContainerItemProxy */ = {
			isa = PBXContainerItemProxy;
			containerPortal = 9D2CA08B1D6CC02100F8997E /* SwiftyJSON.xcodeproj */;
			proxyType = 2;
			remoteGlobalIDString = 7236B4F61BAC14150020529B;
			remoteInfo = "SwiftyJSON tvOS";
		};
		9D2CA0A11D6CC02100F8997E /* PBXContainerItemProxy */ = {
			isa = PBXContainerItemProxy;
			containerPortal = 9D2CA08B1D6CC02100F8997E /* SwiftyJSON.xcodeproj */;
			proxyType = 2;
			remoteGlobalIDString = A8580F741BCF5C5B00DA927B;
			remoteInfo = "SwiftyJSON tvOS Tests";
		};
		9D2CA0A51D6CC04C00F8997E /* PBXContainerItemProxy */ = {
			isa = PBXContainerItemProxy;
			containerPortal = 9D2CA06E1D6CBF2900F8997E /* Alamofire.xcodeproj */;
			proxyType = 1;
			remoteGlobalIDString = F8111E3219A95C8B0040E7D1;
			remoteInfo = "Alamofire iOS";
		};
		9D2CA0A71D6CC05300F8997E /* PBXContainerItemProxy */ = {
			isa = PBXContainerItemProxy;
			containerPortal = 9D2CA08B1D6CC02100F8997E /* SwiftyJSON.xcodeproj */;
			proxyType = 1;
			remoteGlobalIDString = 2E4FEFDA19575BE100351305;
			remoteInfo = "SwiftyJSON iOS";
		};
		9DB9FA521D6F385700E24891 /* PBXContainerItemProxy */ = {
			isa = PBXContainerItemProxy;
			containerPortal = 9DB9FA3B1D6F385700E24891 /* SlideMenuControllerSwift.xcodeproj */;
			proxyType = 2;
			remoteGlobalIDString = C539E6411A315E87003B7CC7;
			remoteInfo = SlideMenuControllerSwift;
		};
		9DB9FA541D6F385700E24891 /* PBXContainerItemProxy */ = {
			isa = PBXContainerItemProxy;
			containerPortal = 9DB9FA3B1D6F385700E24891 /* SlideMenuControllerSwift.xcodeproj */;
			proxyType = 2;
			remoteGlobalIDString = C539E6591A315E87003B7CC7;
			remoteInfo = SlideMenuControllerSwiftTests;
		};
		9DB9FA561D6F385700E24891 /* PBXContainerItemProxy */ = {
			isa = PBXContainerItemProxy;
			containerPortal = 9DB9FA3B1D6F385700E24891 /* SlideMenuControllerSwift.xcodeproj */;
			proxyType = 2;
			remoteGlobalIDString = 0E75C5961BE3CA7900844634;
			remoteInfo = "SlideMenuControllerSwift-iOS";
		};
/* End PBXContainerItemProxy section */

/* Begin PBXCopyFilesBuildPhase section */
		9D2CA0891D6CBF4E00F8997E /* CopyFiles */ = {
			isa = PBXCopyFilesBuildPhase;
			buildActionMask = 2147483647;
			dstPath = "";
			dstSubfolderSpec = 10;
			files = (
				9D1E475A1D6E524C00772202 /* CryptoSwift.framework in CopyFiles */,
				9D1E47451D6E11CA00772202 /* AlamofireObjectMapper.framework in CopyFiles */,
				9D2CA0A91D6CC06500F8997E /* SwiftyJSON.framework in CopyFiles */,
				9D2CA08A1D6CBF5A00F8997E /* Alamofire.framework in CopyFiles */,
			);
			runOnlyForDeploymentPostprocessing = 0;
		};
/* End PBXCopyFilesBuildPhase section */

/* Begin PBXFileReference section */
		9D1E46C51D6DFBAA00772202 /* User.swift */ = {isa = PBXFileReference; fileEncoding = 4; lastKnownFileType = sourcecode.swift; path = User.swift; sourceTree = "<group>"; };
		9D1E47111D6E059A00772202 /* Wish.swift */ = {isa = PBXFileReference; fileEncoding = 4; lastKnownFileType = sourcecode.swift; path = Wish.swift; sourceTree = "<group>"; };
		9D1E472B1D6E119C00772202 /* AlamofireObjectMapper.xcodeproj */ = {isa = PBXFileReference; lastKnownFileType = "wrapper.pb-project"; name = AlamofireObjectMapper.xcodeproj; path = "../../../Downloads/AlamofireObjectMapper-master/AlamofireObjectMapper.xcodeproj"; sourceTree = "<group>"; };
		9D1E47461D6E523300772202 /* CryptoSwift.xcodeproj */ = {isa = PBXFileReference; lastKnownFileType = "wrapper.pb-project"; name = CryptoSwift.xcodeproj; path = "../../../Downloads/CryptoSwift-master/CryptoSwift.xcodeproj"; sourceTree = "<group>"; };
		9D2CA0591D6CBD2F00F8997E /* BeakonIOS.app */ = {isa = PBXFileReference; explicitFileType = wrapper.application; includeInIndex = 0; path = BeakonIOS.app; sourceTree = BUILT_PRODUCTS_DIR; };
		9D2CA05C1D6CBD2F00F8997E /* AppDelegate.swift */ = {isa = PBXFileReference; lastKnownFileType = sourcecode.swift; path = AppDelegate.swift; sourceTree = "<group>"; };
		9D2CA05E1D6CBD2F00F8997E /* ViewController.swift */ = {isa = PBXFileReference; lastKnownFileType = sourcecode.swift; path = ViewController.swift; sourceTree = "<group>"; };
		9D2CA0611D6CBD2F00F8997E /* Base */ = {isa = PBXFileReference; lastKnownFileType = file.storyboard; name = Base; path = Base.lproj/Main.storyboard; sourceTree = "<group>"; };
		9D2CA0631D6CBD2F00F8997E /* Assets.xcassets */ = {isa = PBXFileReference; lastKnownFileType = folder.assetcatalog; path = Assets.xcassets; sourceTree = "<group>"; };
		9D2CA0661D6CBD2F00F8997E /* Base */ = {isa = PBXFileReference; lastKnownFileType = file.storyboard; name = Base; path = Base.lproj/LaunchScreen.storyboard; sourceTree = "<group>"; };
		9D2CA0681D6CBD2F00F8997E /* Info.plist */ = {isa = PBXFileReference; lastKnownFileType = text.plist.xml; path = Info.plist; sourceTree = "<group>"; };
		9D2CA06E1D6CBF2900F8997E /* Alamofire.xcodeproj */ = {isa = PBXFileReference; lastKnownFileType = "wrapper.pb-project"; name = Alamofire.xcodeproj; path = ../../Alamofire/Alamofire.xcodeproj; sourceTree = "<group>"; };
		9D2CA08B1D6CC02100F8997E /* SwiftyJSON.xcodeproj */ = {isa = PBXFileReference; lastKnownFileType = "wrapper.pb-project"; name = SwiftyJSON.xcodeproj; path = "../../SwiftyJSON-master/SwiftyJSON.xcodeproj"; sourceTree = "<group>"; };
		9D2CA0AE1D6CC67F00F8997E /* LoginViewController.swift */ = {isa = PBXFileReference; fileEncoding = 4; lastKnownFileType = sourcecode.swift; path = LoginViewController.swift; sourceTree = "<group>"; };
		9D7B07D11D6CFBB600BB5FF1 /* RegisterViewController.swift */ = {isa = PBXFileReference; fileEncoding = 4; lastKnownFileType = sourcecode.swift; path = RegisterViewController.swift; sourceTree = "<group>"; };
		9D926E301D70CD8C0040FDF8 /* NavigationViewController.swift */ = {isa = PBXFileReference; fileEncoding = 4; lastKnownFileType = sourcecode.swift; path = NavigationViewController.swift; sourceTree = "<group>"; };
		9D926E321D70DBDF0040FDF8 /* PointsViewController.swift */ = {isa = PBXFileReference; fileEncoding = 4; lastKnownFileType = sourcecode.swift; path = PointsViewController.swift; sourceTree = "<group>"; };
		9D926E341D70DBFA0040FDF8 /* FAQViewController.swift */ = {isa = PBXFileReference; fileEncoding = 4; lastKnownFileType = sourcecode.swift; path = FAQViewController.swift; sourceTree = "<group>"; };
		9D926E381D70E3FE0040FDF8 /* FAQTabViewController.swift */ = {isa = PBXFileReference; fileEncoding = 4; lastKnownFileType = sourcecode.swift; path = FAQTabViewController.swift; sourceTree = "<group>"; };
		9D926E3B1D70E4D60040FDF8 /* HomeTabViewController.swift */ = {isa = PBXFileReference; fileEncoding = 4; lastKnownFileType = sourcecode.swift; path = HomeTabViewController.swift; sourceTree = "<group>"; };
		9D926E3D1D70E4EF0040FDF8 /* PointsTabViewController.swift */ = {isa = PBXFileReference; fileEncoding = 4; lastKnownFileType = sourcecode.swift; path = PointsTabViewController.swift; sourceTree = "<group>"; };
		9D926E3F1D70E50C0040FDF8 /* NotificationTabViewController.swift */ = {isa = PBXFileReference; fileEncoding = 4; lastKnownFileType = sourcecode.swift; path = NotificationTabViewController.swift; sourceTree = "<group>"; };
		9D926E421D70EF260040FDF8 /* NotificationTabOneViewController.swift */ = {isa = PBXFileReference; fileEncoding = 4; lastKnownFileType = sourcecode.swift; path = NotificationTabOneViewController.swift; sourceTree = "<group>"; };
		9D926E441D70EF3D0040FDF8 /* NotificationTabTwoViewController.swift */ = {isa = PBXFileReference; fileEncoding = 4; lastKnownFileType = sourcecode.swift; path = NotificationTabTwoViewController.swift; sourceTree = "<group>"; };
		9D926E461D70EF550040FDF8 /* PointsTabOneViewController.swift */ = {isa = PBXFileReference; fileEncoding = 4; lastKnownFileType = sourcecode.swift; path = PointsTabOneViewController.swift; sourceTree = "<group>"; };
		9D926E481D70EF650040FDF8 /* PointsTabTwoViewController.swift */ = {isa = PBXFileReference; fileEncoding = 4; lastKnownFileType = sourcecode.swift; path = PointsTabTwoViewController.swift; sourceTree = "<group>"; };
		9D926E4A1D70EF8F0040FDF8 /* FAQTabOneViewController.swift */ = {isa = PBXFileReference; fileEncoding = 4; lastKnownFileType = sourcecode.swift; path = FAQTabOneViewController.swift; sourceTree = "<group>"; };
		9D926E4C1D70EFA30040FDF8 /* FAQTabTwoViewController.swift */ = {isa = PBXFileReference; fileEncoding = 4; lastKnownFileType = sourcecode.swift; path = FAQTabTwoViewController.swift; sourceTree = "<group>"; };
		9D926E501D70FC780040FDF8 /* Preference.swift */ = {isa = PBXFileReference; fileEncoding = 4; lastKnownFileType = sourcecode.swift; path = Preference.swift; sourceTree = "<group>"; };
		9DB9FA3B1D6F385700E24891 /* SlideMenuControllerSwift.xcodeproj */ = {isa = PBXFileReference; lastKnownFileType = "wrapper.pb-project"; name = SlideMenuControllerSwift.xcodeproj; path = "../../../Downloads/SlideMenuControllerSwift-master/SlideMenuControllerSwift.xcodeproj"; sourceTree = "<group>"; };
		9DB9FA631D6F48C600E24891 /* ProfileViewController.swift */ = {isa = PBXFileReference; fileEncoding = 4; lastKnownFileType = sourcecode.swift; path = ProfileViewController.swift; sourceTree = "<group>"; };
		9DB9FA6B1D6F519D00E24891 /* BaseViewController.swift */ = {isa = PBXFileReference; fileEncoding = 4; lastKnownFileType = sourcecode.swift; path = BaseViewController.swift; sourceTree = "<group>"; };
		9DB9FA6D1D6F546600E24891 /* MenuViewController.swift */ = {isa = PBXFileReference; fileEncoding = 4; lastKnownFileType = sourcecode.swift; path = MenuViewController.swift; sourceTree = "<group>"; };
		9DB9FA6F1D6F551B00E24891 /* WishViewController.swift */ = {isa = PBXFileReference; fileEncoding = 4; lastKnownFileType = sourcecode.swift; path = WishViewController.swift; sourceTree = "<group>"; };
		9DB9FA901D6F96C600E24891 /* HomeVC.swift */ = {isa = PBXFileReference; fileEncoding = 4; lastKnownFileType = sourcecode.swift; path = HomeVC.swift; sourceTree = "<group>"; };
		9DB9FA921D6F96FB00E24891 /* PlayVC.swift */ = {isa = PBXFileReference; fileEncoding = 4; lastKnownFileType = sourcecode.swift; path = PlayVC.swift; sourceTree = "<group>"; };
/* End PBXFileReference section */

/* Begin PBXFrameworksBuildPhase section */
		9D2CA0561D6CBD2F00F8997E /* Frameworks */ = {
			isa = PBXFrameworksBuildPhase;
			buildActionMask = 2147483647;
			files = (
			);
			runOnlyForDeploymentPostprocessing = 0;
		};
/* End PBXFrameworksBuildPhase section */

/* Begin PBXGroup section */
		9D1E46A01D6DE8F700772202 /* Entities */ = {
			isa = PBXGroup;
			children = (
				9D1E46C51D6DFBAA00772202 /* User.swift */,
				9D1E47111D6E059A00772202 /* Wish.swift */,
				9D926E501D70FC780040FDF8 /* Preference.swift */,
			);
			name = Entities;
			sourceTree = "<group>";
		};
		9D1E472C1D6E119C00772202 /* Products */ = {
			isa = PBXGroup;
			children = (
				9D1E47361D6E119D00772202 /* AlamofireObjectMapper.framework */,
				9D1E47381D6E119D00772202 /* AlamofireObjectMapperTests iOS.xctest */,
				9D1E473A1D6E119D00772202 /* AlamofireObjectMapper.framework */,
				9D1E473C1D6E119D00772202 /* AlamofireObjectMapperTests OSX.xctest */,
				9D1E473E1D6E119D00772202 /* AlamofireObjectMapper.framework */,
				9D1E47401D6E119D00772202 /* AlamofireObjectMapperTests tvOS.xctest */,
				9D1E47421D6E119D00772202 /* AlamofireObjectMapper.framework */,
			);
			name = Products;
			sourceTree = "<group>";
		};
		9D1E47471D6E523300772202 /* Products */ = {
			isa = PBXGroup;
			children = (
				9D1E474F1D6E523300772202 /* CryptoSwift.framework */,
				9D1E47511D6E523300772202 /* CryptoSwift.framework */,
				9D1E47531D6E523300772202 /* CryptoSwift.framework */,
				9D1E47551D6E523300772202 /* CryptoSwift.framework */,
				9D1E47571D6E523300772202 /* CryptoSwiftTests.xctest */,
			);
			name = Products;
			sourceTree = "<group>";
		};
		9D2CA0501D6CBD2F00F8997E = {
			isa = PBXGroup;
			children = (
				9DB9FA3B1D6F385700E24891 /* SlideMenuControllerSwift.xcodeproj */,
				9D1E47461D6E523300772202 /* CryptoSwift.xcodeproj */,
				9D1E472B1D6E119C00772202 /* AlamofireObjectMapper.xcodeproj */,
				9D2CA08B1D6CC02100F8997E /* SwiftyJSON.xcodeproj */,
				9D2CA06E1D6CBF2900F8997E /* Alamofire.xcodeproj */,
				9D2CA05B1D6CBD2F00F8997E /* BeakonIOS */,
				9D2CA05A1D6CBD2F00F8997E /* Products */,
			);
			sourceTree = "<group>";
		};
		9D2CA05A1D6CBD2F00F8997E /* Products */ = {
			isa = PBXGroup;
			children = (
				9D2CA0591D6CBD2F00F8997E /* BeakonIOS.app */,
			);
			name = Products;
			sourceTree = "<group>";
		};
		9D2CA05B1D6CBD2F00F8997E /* BeakonIOS */ = {
			isa = PBXGroup;
			children = (
				9D1E46A01D6DE8F700772202 /* Entities */,
				9D2CA0AD1D6CC65C00F8997E /* StoryBoard */,
				9D2CA0AC1D6CC65200F8997E /* ViewController */,
				9D2CA05C1D6CBD2F00F8997E /* AppDelegate.swift */,
				9D2CA0631D6CBD2F00F8997E /* Assets.xcassets */,
				9D2CA0681D6CBD2F00F8997E /* Info.plist */,
			);
			path = BeakonIOS;
			sourceTree = "<group>";
		};
		9D2CA06F1D6CBF2900F8997E /* Products */ = {
			isa = PBXGroup;
			children = (
				9D2CA07A1D6CBF2900F8997E /* Alamofire.framework */,
				9D2CA07C1D6CBF2900F8997E /* Alamofire iOS Tests.xctest */,
				9D2CA07E1D6CBF2900F8997E /* Alamofire.framework */,
				9D2CA0801D6CBF2900F8997E /* Alamofire OSX Tests.xctest */,
				9D2CA0821D6CBF2900F8997E /* Alamofire.framework */,
				9D2CA0841D6CBF2900F8997E /* Alamofire tvOS Tests.xctest */,
				9D2CA0861D6CBF2900F8997E /* Alamofire.framework */,
			);
			name = Products;
			sourceTree = "<group>";
		};
		9D2CA08C1D6CC02100F8997E /* Products */ = {
			isa = PBXGroup;
			children = (
				9D2CA0961D6CC02100F8997E /* SwiftyJSON.framework */,
				9D2CA0981D6CC02100F8997E /* SwiftyJSON iOS Tests.xctest */,
				9D2CA09A1D6CC02100F8997E /* SwiftyJSON.framework */,
				9D2CA09C1D6CC02100F8997E /* SwiftyJSON OSX Tests.xctest */,
				9D2CA09E1D6CC02100F8997E /* SwiftyJSON.framework */,
				9D2CA0A01D6CC02100F8997E /* SwiftyJSON.framework */,
				9D2CA0A21D6CC02100F8997E /* SwiftyJSON tvOS Tests.xctest */,
			);
			name = Products;
			sourceTree = "<group>";
		};
		9D2CA0AC1D6CC65200F8997E /* ViewController */ = {
			isa = PBXGroup;
			children = (
				9D926E411D70EEE60040FDF8 /* ViewControllerTabs */,
				9D926E371D70DC810040FDF8 /* ViewControllerBasics */,
				9D926E361D70DC020040FDF8 /* ViewControllerNavigation */,
			);
			name = ViewController;
			sourceTree = "<group>";
		};
		9D2CA0AD1D6CC65C00F8997E /* StoryBoard */ = {
			isa = PBXGroup;
			children = (
				9D2CA0601D6CBD2F00F8997E /* Main.storyboard */,
				9D2CA0651D6CBD2F00F8997E /* LaunchScreen.storyboard */,
			);
			name = StoryBoard;
			sourceTree = "<group>";
		};
		9D926E361D70DC020040FDF8 /* ViewControllerNavigation */ = {
			isa = PBXGroup;
			children = (
				9DB9FA631D6F48C600E24891 /* ProfileViewController.swift */,
				9DB9FA6F1D6F551B00E24891 /* WishViewController.swift */,
				9DB9FA921D6F96FB00E24891 /* PlayVC.swift */,
				9DB9FA901D6F96C600E24891 /* HomeVC.swift */,
				9D926E321D70DBDF0040FDF8 /* PointsViewController.swift */,
				9D926E341D70DBFA0040FDF8 /* FAQViewController.swift */,
			);
			name = ViewControllerNavigation;
			sourceTree = "<group>";
		};
		9D926E371D70DC810040FDF8 /* ViewControllerBasics */ = {
			isa = PBXGroup;
			children = (
				9D926E381D70E3FE0040FDF8 /* FAQTabViewController.swift */,
				9D2CA05E1D6CBD2F00F8997E /* ViewController.swift */,
				9D7B07D11D6CFBB600BB5FF1 /* RegisterViewController.swift */,
				9D2CA0AE1D6CC67F00F8997E /* LoginViewController.swift */,
				9DB9FA6D1D6F546600E24891 /* MenuViewController.swift */,
				9DB9FA6B1D6F519D00E24891 /* BaseViewController.swift */,
				9D926E301D70CD8C0040FDF8 /* NavigationViewController.swift */,
				9D926E3B1D70E4D60040FDF8 /* HomeTabViewController.swift */,
				9D926E3D1D70E4EF0040FDF8 /* PointsTabViewController.swift */,
				9D926E3F1D70E50C0040FDF8 /* NotificationTabViewController.swift */,
			);
			name = ViewControllerBasics;
			sourceTree = "<group>";
		};
		9D926E411D70EEE60040FDF8 /* ViewControllerTabs */ = {
			isa = PBXGroup;
			children = (
				9D926E421D70EF260040FDF8 /* NotificationTabOneViewController.swift */,
				9D926E441D70EF3D0040FDF8 /* NotificationTabTwoViewController.swift */,
				9D926E461D70EF550040FDF8 /* PointsTabOneViewController.swift */,
				9D926E481D70EF650040FDF8 /* PointsTabTwoViewController.swift */,
				9D926E4A1D70EF8F0040FDF8 /* FAQTabOneViewController.swift */,
				9D926E4C1D70EFA30040FDF8 /* FAQTabTwoViewController.swift */,
			);
			name = ViewControllerTabs;
			sourceTree = "<group>";
		};
		9DB9FA3C1D6F385700E24891 /* Products */ = {
			isa = PBXGroup;
			children = (
				9DB9FA531D6F385700E24891 /* SlideMenuControllerSwift.app */,
				9DB9FA551D6F385700E24891 /* SlideMenuControllerSwiftTests.xctest */,
				9DB9FA571D6F385700E24891 /* SlideMenuControllerSwift.framework */,
			);
			name = Products;
			sourceTree = "<group>";
		};
/* End PBXGroup section */

/* Begin PBXNativeTarget section */
		9D2CA0581D6CBD2F00F8997E /* BeakonIOS */ = {
			isa = PBXNativeTarget;
			buildConfigurationList = 9D2CA06B1D6CBD2F00F8997E /* Build configuration list for PBXNativeTarget "BeakonIOS" */;
			buildPhases = (
				9D2CA0551D6CBD2F00F8997E /* Sources */,
				9D2CA0561D6CBD2F00F8997E /* Frameworks */,
				9D2CA0571D6CBD2F00F8997E /* Resources */,
				9D2CA0891D6CBF4E00F8997E /* CopyFiles */,
			);
			buildRules = (
			);
			dependencies = (
				9D1E47591D6E524200772202 /* PBXTargetDependency */,
				9D1E47441D6E11C300772202 /* PBXTargetDependency */,
				9D2CA0A81D6CC05300F8997E /* PBXTargetDependency */,
				9D2CA0A61D6CC04C00F8997E /* PBXTargetDependency */,
			);
			name = BeakonIOS;
			productName = BeakonIOS;
			productReference = 9D2CA0591D6CBD2F00F8997E /* BeakonIOS.app */;
			productType = "com.apple.product-type.application";
		};
/* End PBXNativeTarget section */

/* Begin PBXProject section */
		9D2CA0511D6CBD2F00F8997E /* Project object */ = {
			isa = PBXProject;
			attributes = {
				LastSwiftUpdateCheck = 0730;
				LastUpgradeCheck = 0730;
				ORGANIZATIONNAME = CentauroSolutions;
				TargetAttributes = {
					9D2CA0581D6CBD2F00F8997E = {
						CreatedOnToolsVersion = 7.3;
					};
				};
			};
			buildConfigurationList = 9D2CA0541D6CBD2F00F8997E /* Build configuration list for PBXProject "BeakonIOS" */;
			compatibilityVersion = "Xcode 3.2";
			developmentRegion = English;
			hasScannedForEncodings = 0;
			knownRegions = (
				en,
				Base,
			);
			mainGroup = 9D2CA0501D6CBD2F00F8997E;
			productRefGroup = 9D2CA05A1D6CBD2F00F8997E /* Products */;
			projectDirPath = "";
			projectReferences = (
				{
					ProductGroup = 9D2CA06F1D6CBF2900F8997E /* Products */;
					ProjectRef = 9D2CA06E1D6CBF2900F8997E /* Alamofire.xcodeproj */;
				},
				{
					ProductGroup = 9D1E472C1D6E119C00772202 /* Products */;
					ProjectRef = 9D1E472B1D6E119C00772202 /* AlamofireObjectMapper.xcodeproj */;
				},
				{
					ProductGroup = 9D1E47471D6E523300772202 /* Products */;
					ProjectRef = 9D1E47461D6E523300772202 /* CryptoSwift.xcodeproj */;
				},
				{
					ProductGroup = 9DB9FA3C1D6F385700E24891 /* Products */;
					ProjectRef = 9DB9FA3B1D6F385700E24891 /* SlideMenuControllerSwift.xcodeproj */;
				},
				{
					ProductGroup = 9D2CA08C1D6CC02100F8997E /* Products */;
					ProjectRef = 9D2CA08B1D6CC02100F8997E /* SwiftyJSON.xcodeproj */;
				},
			);
			projectRoot = "";
			targets = (
				9D2CA0581D6CBD2F00F8997E /* BeakonIOS */,
			);
		};
/* End PBXProject section */

/* Begin PBXReferenceProxy section */
		9D1E47361D6E119D00772202 /* AlamofireObjectMapper.framework */ = {
			isa = PBXReferenceProxy;
			fileType = wrapper.framework;
			path = AlamofireObjectMapper.framework;
			remoteRef = 9D1E47351D6E119D00772202 /* PBXContainerItemProxy */;
			sourceTree = BUILT_PRODUCTS_DIR;
		};
		9D1E47381D6E119D00772202 /* AlamofireObjectMapperTests iOS.xctest */ = {
			isa = PBXReferenceProxy;
			fileType = wrapper.cfbundle;
			path = "AlamofireObjectMapperTests iOS.xctest";
			remoteRef = 9D1E47371D6E119D00772202 /* PBXContainerItemProxy */;
			sourceTree = BUILT_PRODUCTS_DIR;
		};
		9D1E473A1D6E119D00772202 /* AlamofireObjectMapper.framework */ = {
			isa = PBXReferenceProxy;
			fileType = wrapper.framework;
			path = AlamofireObjectMapper.framework;
			remoteRef = 9D1E47391D6E119D00772202 /* PBXContainerItemProxy */;
			sourceTree = BUILT_PRODUCTS_DIR;
		};
		9D1E473C1D6E119D00772202 /* AlamofireObjectMapperTests OSX.xctest */ = {
			isa = PBXReferenceProxy;
			fileType = wrapper.cfbundle;
			path = "AlamofireObjectMapperTests OSX.xctest";
			remoteRef = 9D1E473B1D6E119D00772202 /* PBXContainerItemProxy */;
			sourceTree = BUILT_PRODUCTS_DIR;
		};
		9D1E473E1D6E119D00772202 /* AlamofireObjectMapper.framework */ = {
			isa = PBXReferenceProxy;
			fileType = wrapper.framework;
			path = AlamofireObjectMapper.framework;
			remoteRef = 9D1E473D1D6E119D00772202 /* PBXContainerItemProxy */;
			sourceTree = BUILT_PRODUCTS_DIR;
		};
		9D1E47401D6E119D00772202 /* AlamofireObjectMapperTests tvOS.xctest */ = {
			isa = PBXReferenceProxy;
			fileType = wrapper.cfbundle;
			path = "AlamofireObjectMapperTests tvOS.xctest";
			remoteRef = 9D1E473F1D6E119D00772202 /* PBXContainerItemProxy */;
			sourceTree = BUILT_PRODUCTS_DIR;
		};
		9D1E47421D6E119D00772202 /* AlamofireObjectMapper.framework */ = {
			isa = PBXReferenceProxy;
			fileType = wrapper.framework;
			path = AlamofireObjectMapper.framework;
			remoteRef = 9D1E47411D6E119D00772202 /* PBXContainerItemProxy */;
			sourceTree = BUILT_PRODUCTS_DIR;
		};
		9D1E474F1D6E523300772202 /* CryptoSwift.framework */ = {
			isa = PBXReferenceProxy;
			fileType = wrapper.framework;
			path = CryptoSwift.framework;
			remoteRef = 9D1E474E1D6E523300772202 /* PBXContainerItemProxy */;
			sourceTree = BUILT_PRODUCTS_DIR;
		};
		9D1E47511D6E523300772202 /* CryptoSwift.framework */ = {
			isa = PBXReferenceProxy;
			fileType = wrapper.framework;
			path = CryptoSwift.framework;
			remoteRef = 9D1E47501D6E523300772202 /* PBXContainerItemProxy */;
			sourceTree = BUILT_PRODUCTS_DIR;
		};
		9D1E47531D6E523300772202 /* CryptoSwift.framework */ = {
			isa = PBXReferenceProxy;
			fileType = wrapper.framework;
			path = CryptoSwift.framework;
			remoteRef = 9D1E47521D6E523300772202 /* PBXContainerItemProxy */;
			sourceTree = BUILT_PRODUCTS_DIR;
		};
		9D1E47551D6E523300772202 /* CryptoSwift.framework */ = {
			isa = PBXReferenceProxy;
			fileType = wrapper.framework;
			path = CryptoSwift.framework;
			remoteRef = 9D1E47541D6E523300772202 /* PBXContainerItemProxy */;
			sourceTree = BUILT_PRODUCTS_DIR;
		};
		9D1E47571D6E523300772202 /* CryptoSwiftTests.xctest */ = {
			isa = PBXReferenceProxy;
			fileType = wrapper.cfbundle;
			path = CryptoSwiftTests.xctest;
			remoteRef = 9D1E47561D6E523300772202 /* PBXContainerItemProxy */;
			sourceTree = BUILT_PRODUCTS_DIR;
		};
		9D2CA07A1D6CBF2900F8997E /* Alamofire.framework */ = {
			isa = PBXReferenceProxy;
			fileType = wrapper.framework;
			path = Alamofire.framework;
			remoteRef = 9D2CA0791D6CBF2900F8997E /* PBXContainerItemProxy */;
			sourceTree = BUILT_PRODUCTS_DIR;
		};
		9D2CA07C1D6CBF2900F8997E /* Alamofire iOS Tests.xctest */ = {
			isa = PBXReferenceProxy;
			fileType = wrapper.cfbundle;
			path = "Alamofire iOS Tests.xctest";
			remoteRef = 9D2CA07B1D6CBF2900F8997E /* PBXContainerItemProxy */;
			sourceTree = BUILT_PRODUCTS_DIR;
		};
		9D2CA07E1D6CBF2900F8997E /* Alamofire.framework */ = {
			isa = PBXReferenceProxy;
			fileType = wrapper.framework;
			path = Alamofire.framework;
			remoteRef = 9D2CA07D1D6CBF2900F8997E /* PBXContainerItemProxy */;
			sourceTree = BUILT_PRODUCTS_DIR;
		};
		9D2CA0801D6CBF2900F8997E /* Alamofire OSX Tests.xctest */ = {
			isa = PBXReferenceProxy;
			fileType = wrapper.cfbundle;
			path = "Alamofire OSX Tests.xctest";
			remoteRef = 9D2CA07F1D6CBF2900F8997E /* PBXContainerItemProxy */;
			sourceTree = BUILT_PRODUCTS_DIR;
		};
		9D2CA0821D6CBF2900F8997E /* Alamofire.framework */ = {
			isa = PBXReferenceProxy;
			fileType = wrapper.framework;
			path = Alamofire.framework;
			remoteRef = 9D2CA0811D6CBF2900F8997E /* PBXContainerItemProxy */;
			sourceTree = BUILT_PRODUCTS_DIR;
		};
		9D2CA0841D6CBF2900F8997E /* Alamofire tvOS Tests.xctest */ = {
			isa = PBXReferenceProxy;
			fileType = wrapper.cfbundle;
			path = "Alamofire tvOS Tests.xctest";
			remoteRef = 9D2CA0831D6CBF2900F8997E /* PBXContainerItemProxy */;
			sourceTree = BUILT_PRODUCTS_DIR;
		};
		9D2CA0861D6CBF2900F8997E /* Alamofire.framework */ = {
			isa = PBXReferenceProxy;
			fileType = wrapper.framework;
			path = Alamofire.framework;
			remoteRef = 9D2CA0851D6CBF2900F8997E /* PBXContainerItemProxy */;
			sourceTree = BUILT_PRODUCTS_DIR;
		};
		9D2CA0961D6CC02100F8997E /* SwiftyJSON.framework */ = {
			isa = PBXReferenceProxy;
			fileType = wrapper.framework;
			path = SwiftyJSON.framework;
			remoteRef = 9D2CA0951D6CC02100F8997E /* PBXContainerItemProxy */;
			sourceTree = BUILT_PRODUCTS_DIR;
		};
		9D2CA0981D6CC02100F8997E /* SwiftyJSON iOS Tests.xctest */ = {
			isa = PBXReferenceProxy;
			fileType = wrapper.cfbundle;
			path = "SwiftyJSON iOS Tests.xctest";
			remoteRef = 9D2CA0971D6CC02100F8997E /* PBXContainerItemProxy */;
			sourceTree = BUILT_PRODUCTS_DIR;
		};
		9D2CA09A1D6CC02100F8997E /* SwiftyJSON.framework */ = {
			isa = PBXReferenceProxy;
			fileType = wrapper.framework;
			path = SwiftyJSON.framework;
			remoteRef = 9D2CA0991D6CC02100F8997E /* PBXContainerItemProxy */;
			sourceTree = BUILT_PRODUCTS_DIR;
		};
		9D2CA09C1D6CC02100F8997E /* SwiftyJSON OSX Tests.xctest */ = {
			isa = PBXReferenceProxy;
			fileType = wrapper.cfbundle;
			path = "SwiftyJSON OSX Tests.xctest";
			remoteRef = 9D2CA09B1D6CC02100F8997E /* PBXContainerItemProxy */;
			sourceTree = BUILT_PRODUCTS_DIR;
		};
		9D2CA09E1D6CC02100F8997E /* SwiftyJSON.framework */ = {
			isa = PBXReferenceProxy;
			fileType = wrapper.framework;
			path = SwiftyJSON.framework;
			remoteRef = 9D2CA09D1D6CC02100F8997E /* PBXContainerItemProxy */;
			sourceTree = BUILT_PRODUCTS_DIR;
		};
		9D2CA0A01D6CC02100F8997E /* SwiftyJSON.framework */ = {
			isa = PBXReferenceProxy;
			fileType = wrapper.framework;
			path = SwiftyJSON.framework;
			remoteRef = 9D2CA09F1D6CC02100F8997E /* PBXContainerItemProxy */;
			sourceTree = BUILT_PRODUCTS_DIR;
		};
		9D2CA0A21D6CC02100F8997E /* SwiftyJSON tvOS Tests.xctest */ = {
			isa = PBXReferenceProxy;
			fileType = wrapper.cfbundle;
			path = "SwiftyJSON tvOS Tests.xctest";
			remoteRef = 9D2CA0A11D6CC02100F8997E /* PBXContainerItemProxy */;
			sourceTree = BUILT_PRODUCTS_DIR;
		};
		9DB9FA531D6F385700E24891 /* SlideMenuControllerSwift.app */ = {
			isa = PBXReferenceProxy;
			fileType = wrapper.application;
			path = SlideMenuControllerSwift.app;
			remoteRef = 9DB9FA521D6F385700E24891 /* PBXContainerItemProxy */;
			sourceTree = BUILT_PRODUCTS_DIR;
		};
		9DB9FA551D6F385700E24891 /* SlideMenuControllerSwiftTests.xctest */ = {
			isa = PBXReferenceProxy;
			fileType = wrapper.cfbundle;
			path = SlideMenuControllerSwiftTests.xctest;
			remoteRef = 9DB9FA541D6F385700E24891 /* PBXContainerItemProxy */;
			sourceTree = BUILT_PRODUCTS_DIR;
		};
		9DB9FA571D6F385700E24891 /* SlideMenuControllerSwift.framework */ = {
			isa = PBXReferenceProxy;
			fileType = wrapper.framework;
			path = SlideMenuControllerSwift.framework;
			remoteRef = 9DB9FA561D6F385700E24891 /* PBXContainerItemProxy */;
			sourceTree = BUILT_PRODUCTS_DIR;
		};
/* End PBXReferenceProxy section */

/* Begin PBXResourcesBuildPhase section */
		9D2CA0571D6CBD2F00F8997E /* Resources */ = {
			isa = PBXResourcesBuildPhase;
			buildActionMask = 2147483647;
			files = (
				9D2CA0671D6CBD2F00F8997E /* LaunchScreen.storyboard in Resources */,
				9D2CA0641D6CBD2F00F8997E /* Assets.xcassets in Resources */,
				9D2CA0621D6CBD2F00F8997E /* Main.storyboard in Resources */,
			);
			runOnlyForDeploymentPostprocessing = 0;
		};
/* End PBXResourcesBuildPhase section */

/* Begin PBXSourcesBuildPhase section */
		9D2CA0551D6CBD2F00F8997E /* Sources */ = {
			isa = PBXSourcesBuildPhase;
			buildActionMask = 2147483647;
			files = (
				9D926E4B1D70EF8F0040FDF8 /* FAQTabOneViewController.swift in Sources */,
				9D2CA0AF1D6CC67F00F8997E /* LoginViewController.swift in Sources */,
				9D926E401D70E50C0040FDF8 /* NotificationTabViewController.swift in Sources */,
				9D926E471D70EF550040FDF8 /* PointsTabOneViewController.swift in Sources */,
				9D926E331D70DBDF0040FDF8 /* PointsViewController.swift in Sources */,
				9D2CA05F1D6CBD2F00F8997E /* ViewController.swift in Sources */,
				9D926E391D70E3FE0040FDF8 /* FAQTabViewController.swift in Sources */,
				9D926E451D70EF3D0040FDF8 /* NotificationTabTwoViewController.swift in Sources */,
				9D926E351D70DBFA0040FDF8 /* FAQViewController.swift in Sources */,
				9D1E46C61D6DFBAA00772202 /* User.swift in Sources */,
				9DB9FA6C1D6F519D00E24891 /* BaseViewController.swift in Sources */,
				9DB9FA6E1D6F546600E24891 /* MenuViewController.swift in Sources */,
				9DB9FA701D6F551B00E24891 /* WishViewController.swift in Sources */,
				9D1E47121D6E059A00772202 /* Wish.swift in Sources */,
				9D926E511D70FC780040FDF8 /* Preference.swift in Sources */,
				9D2CA05D1D6CBD2F00F8997E /* AppDelegate.swift in Sources */,
				9D926E3E1D70E4EF0040FDF8 /* PointsTabViewController.swift in Sources */,
				9D926E3C1D70E4D60040FDF8 /* HomeTabViewController.swift in Sources */,
				9DB9FA911D6F96C600E24891 /* HomeVC.swift in Sources */,
				9D926E4D1D70EFA30040FDF8 /* FAQTabTwoViewController.swift in Sources */,
				9DB9FA641D6F48C600E24891 /* ProfileViewController.swift in Sources */,
				9D926E431D70EF260040FDF8 /* NotificationTabOneViewController.swift in Sources */,
				9D7B07D21D6CFBB600BB5FF1 /* RegisterViewController.swift in Sources */,
				9D926E311D70CD8C0040FDF8 /* NavigationViewController.swift in Sources */,
				9DB9FA931D6F96FB00E24891 /* PlayVC.swift in Sources */,
				9D926E491D70EF650040FDF8 /* PointsTabTwoViewController.swift in Sources */,
			);
			runOnlyForDeploymentPostprocessing = 0;
		};
/* End PBXSourcesBuildPhase section */

/* Begin PBXTargetDependency section */
		9D1E47441D6E11C300772202 /* PBXTargetDependency */ = {
			isa = PBXTargetDependency;
			name = "AlamofireObjectMapper iOS";
			targetProxy = 9D1E47431D6E11C300772202 /* PBXContainerItemProxy */;
		};
		9D1E47591D6E524200772202 /* PBXTargetDependency */ = {
			isa = PBXTargetDependency;
			name = "CryptoSwift iOS";
			targetProxy = 9D1E47581D6E524200772202 /* PBXContainerItemProxy */;
		};
		9D2CA0A61D6CC04C00F8997E /* PBXTargetDependency */ = {
			isa = PBXTargetDependency;
			name = "Alamofire iOS";
			targetProxy = 9D2CA0A51D6CC04C00F8997E /* PBXContainerItemProxy */;
		};
		9D2CA0A81D6CC05300F8997E /* PBXTargetDependency */ = {
			isa = PBXTargetDependency;
			name = "SwiftyJSON iOS";
			targetProxy = 9D2CA0A71D6CC05300F8997E /* PBXContainerItemProxy */;
		};
/* End PBXTargetDependency section */

/* Begin PBXVariantGroup section */
		9D2CA0601D6CBD2F00F8997E /* Main.storyboard */ = {
			isa = PBXVariantGroup;
			children = (
				9D2CA0611D6CBD2F00F8997E /* Base */,
			);
			name = Main.storyboard;
			sourceTree = "<group>";
		};
		9D2CA0651D6CBD2F00F8997E /* LaunchScreen.storyboard */ = {
			isa = PBXVariantGroup;
			children = (
				9D2CA0661D6CBD2F00F8997E /* Base */,
			);
			name = LaunchScreen.storyboard;
			sourceTree = "<group>";
		};
/* End PBXVariantGroup section */

/* Begin XCBuildConfiguration section */
		9D2CA0691D6CBD2F00F8997E /* Debug */ = {
			isa = XCBuildConfiguration;
			buildSettings = {
				ALWAYS_SEARCH_USER_PATHS = NO;
				CLANG_ANALYZER_NONNULL = YES;
				CLANG_CXX_LANGUAGE_STANDARD = "gnu++0x";
				CLANG_CXX_LIBRARY = "libc++";
				CLANG_ENABLE_MODULES = YES;
				CLANG_ENABLE_OBJC_ARC = YES;
				CLANG_WARN_BOOL_CONVERSION = YES;
				CLANG_WARN_CONSTANT_CONVERSION = YES;
				CLANG_WARN_DIRECT_OBJC_ISA_USAGE = YES_ERROR;
				CLANG_WARN_EMPTY_BODY = YES;
				CLANG_WARN_ENUM_CONVERSION = YES;
				CLANG_WARN_INT_CONVERSION = YES;
				CLANG_WARN_OBJC_ROOT_CLASS = YES_ERROR;
				CLANG_WARN_UNREACHABLE_CODE = YES;
				CLANG_WARN__DUPLICATE_METHOD_MATCH = YES;
				"CODE_SIGN_IDENTITY[sdk=iphoneos*]" = "iPhone Developer";
				COPY_PHASE_STRIP = NO;
				DEBUG_INFORMATION_FORMAT = dwarf;
				ENABLE_STRICT_OBJC_MSGSEND = YES;
				ENABLE_TESTABILITY = YES;
				GCC_C_LANGUAGE_STANDARD = gnu99;
				GCC_DYNAMIC_NO_PIC = NO;
				GCC_NO_COMMON_BLOCKS = YES;
				GCC_OPTIMIZATION_LEVEL = 0;
				GCC_PREPROCESSOR_DEFINITIONS = (
					"DEBUG=1",
					"$(inherited)",
				);
				GCC_WARN_64_TO_32_BIT_CONVERSION = YES;
				GCC_WARN_ABOUT_RETURN_TYPE = YES_ERROR;
				GCC_WARN_UNDECLARED_SELECTOR = YES;
				GCC_WARN_UNINITIALIZED_AUTOS = YES_AGGRESSIVE;
				GCC_WARN_UNUSED_FUNCTION = YES;
				GCC_WARN_UNUSED_VARIABLE = YES;
				IPHONEOS_DEPLOYMENT_TARGET = 9.3;
				MTL_ENABLE_DEBUG_INFO = YES;
				ONLY_ACTIVE_ARCH = YES;
				SDKROOT = iphoneos;
				SWIFT_OPTIMIZATION_LEVEL = "-Onone";
			};
			name = Debug;
		};
		9D2CA06A1D6CBD2F00F8997E /* Release */ = {
			isa = XCBuildConfiguration;
			buildSettings = {
				ALWAYS_SEARCH_USER_PATHS = NO;
				CLANG_ANALYZER_NONNULL = YES;
				CLANG_CXX_LANGUAGE_STANDARD = "gnu++0x";
				CLANG_CXX_LIBRARY = "libc++";
				CLANG_ENABLE_MODULES = YES;
				CLANG_ENABLE_OBJC_ARC = YES;
				CLANG_WARN_BOOL_CONVERSION = YES;
				CLANG_WARN_CONSTANT_CONVERSION = YES;
				CLANG_WARN_DIRECT_OBJC_ISA_USAGE = YES_ERROR;
				CLANG_WARN_EMPTY_BODY = YES;
				CLANG_WARN_ENUM_CONVERSION = YES;
				CLANG_WARN_INT_CONVERSION = YES;
				CLANG_WARN_OBJC_ROOT_CLASS = YES_ERROR;
				CLANG_WARN_UNREACHABLE_CODE = YES;
				CLANG_WARN__DUPLICATE_METHOD_MATCH = YES;
				"CODE_SIGN_IDENTITY[sdk=iphoneos*]" = "iPhone Developer";
				COPY_PHASE_STRIP = NO;
				DEBUG_INFORMATION_FORMAT = "dwarf-with-dsym";
				ENABLE_NS_ASSERTIONS = NO;
				ENABLE_STRICT_OBJC_MSGSEND = YES;
				GCC_C_LANGUAGE_STANDARD = gnu99;
				GCC_NO_COMMON_BLOCKS = YES;
				GCC_WARN_64_TO_32_BIT_CONVERSION = YES;
				GCC_WARN_ABOUT_RETURN_TYPE = YES_ERROR;
				GCC_WARN_UNDECLARED_SELECTOR = YES;
				GCC_WARN_UNINITIALIZED_AUTOS = YES_AGGRESSIVE;
				GCC_WARN_UNUSED_FUNCTION = YES;
				GCC_WARN_UNUSED_VARIABLE = YES;
				IPHONEOS_DEPLOYMENT_TARGET = 9.3;
				MTL_ENABLE_DEBUG_INFO = NO;
				SDKROOT = iphoneos;
				VALIDATE_PRODUCT = YES;
			};
			name = Release;
		};
		9D2CA06C1D6CBD2F00F8997E /* Debug */ = {
			isa = XCBuildConfiguration;
			buildSettings = {
				ASSETCATALOG_COMPILER_APPICON_NAME = AppIcon;
				INFOPLIST_FILE = BeakonIOS/Info.plist;
				IPHONEOS_DEPLOYMENT_TARGET = 8.0;
				LD_RUNPATH_SEARCH_PATHS = "$(inherited) @executable_path/Frameworks";
				PRODUCT_BUNDLE_IDENTIFIER = centaurosolutions.com.BeakonIOS;
				PRODUCT_NAME = "$(TARGET_NAME)";
			};
			name = Debug;
		};
		9D2CA06D1D6CBD2F00F8997E /* Release */ = {
			isa = XCBuildConfiguration;
			buildSettings = {
				ASSETCATALOG_COMPILER_APPICON_NAME = AppIcon;
				INFOPLIST_FILE = BeakonIOS/Info.plist;
				IPHONEOS_DEPLOYMENT_TARGET = 8.0;
				LD_RUNPATH_SEARCH_PATHS = "$(inherited) @executable_path/Frameworks";
				PRODUCT_BUNDLE_IDENTIFIER = centaurosolutions.com.BeakonIOS;
				PRODUCT_NAME = "$(TARGET_NAME)";
			};
			name = Release;
		};
/* End XCBuildConfiguration section */

/* Begin XCConfigurationList section */
		9D2CA0541D6CBD2F00F8997E /* Build configuration list for PBXProject "BeakonIOS" */ = {
			isa = XCConfigurationList;
			buildConfigurations = (
				9D2CA0691D6CBD2F00F8997E /* Debug */,
				9D2CA06A1D6CBD2F00F8997E /* Release */,
			);
			defaultConfigurationIsVisible = 0;
			defaultConfigurationName = Release;
		};
		9D2CA06B1D6CBD2F00F8997E /* Build configuration list for PBXNativeTarget "BeakonIOS" */ = {
			isa = XCConfigurationList;
			buildConfigurations = (
				9D2CA06C1D6CBD2F00F8997E /* Debug */,
				9D2CA06D1D6CBD2F00F8997E /* Release */,
			);
			defaultConfigurationIsVisible = 0;
			defaultConfigurationName = Release;
		};
/* End XCConfigurationList section */
	};
	rootObject = 9D2CA0511D6CBD2F00F8997E /* Project object */;
}
