// !$*UTF8*$!
{
	archiveVersion = 1;
	classes = {
	};
	objectVersion = 46;
	objects = {

/* Begin PBXBuildFile section */
		9D134FDD1DA2B83200CBEC06 /* ScanViewController.swift in Sources */ = {isa = PBXBuildFile; fileRef = 9D134FDC1DA2B83200CBEC06 /* ScanViewController.swift */; };
		9D1350181DA2F91D00CBEC06 /* KonkatViewController.swift in Sources */ = {isa = PBXBuildFile; fileRef = 9D1350171DA2F91D00CBEC06 /* KonkatViewController.swift */; };
		9D1E46C61D6DFBAA00772202 /* User.swift in Sources */ = {isa = PBXBuildFile; fileRef = 9D1E46C51D6DFBAA00772202 /* User.swift */; };
		9D1E47121D6E059A00772202 /* Wish.swift in Sources */ = {isa = PBXBuildFile; fileRef = 9D1E47111D6E059A00772202 /* Wish.swift */; };
		9D2CA05D1D6CBD2F00F8997E /* AppDelegate.swift in Sources */ = {isa = PBXBuildFile; fileRef = 9D2CA05C1D6CBD2F00F8997E /* AppDelegate.swift */; };
		9D2CA05F1D6CBD2F00F8997E /* ViewController.swift in Sources */ = {isa = PBXBuildFile; fileRef = 9D2CA05E1D6CBD2F00F8997E /* ViewController.swift */; };
		9D2CA0621D6CBD2F00F8997E /* Main.storyboard in Resources */ = {isa = PBXBuildFile; fileRef = 9D2CA0601D6CBD2F00F8997E /* Main.storyboard */; };
		9D2CA0641D6CBD2F00F8997E /* Assets.xcassets in Resources */ = {isa = PBXBuildFile; fileRef = 9D2CA0631D6CBD2F00F8997E /* Assets.xcassets */; };
		9D2CA0671D6CBD2F00F8997E /* LaunchScreen.storyboard in Resources */ = {isa = PBXBuildFile; fileRef = 9D2CA0651D6CBD2F00F8997E /* LaunchScreen.storyboard */; };
		9D2CA0AF1D6CC67F00F8997E /* LoginViewController.swift in Sources */ = {isa = PBXBuildFile; fileRef = 9D2CA0AE1D6CC67F00F8997E /* LoginViewController.swift */; };
		9D565F0F1DC7FFC200DB86E0 /* DepartmentCell.swift in Sources */ = {isa = PBXBuildFile; fileRef = 9D565F0E1DC7FFC200DB86E0 /* DepartmentCell.swift */; };
		9D5C0DC31DAE95E600BC4A18 /* DiscoveredBarCodeView.swift in Sources */ = {isa = PBXBuildFile; fileRef = 9D5C0DC21DAE95E600BC4A18 /* DiscoveredBarCodeView.swift */; };
		9D7B07D21D6CFBB600BB5FF1 /* RegisterViewController.swift in Sources */ = {isa = PBXBuildFile; fileRef = 9D7B07D11D6CFBB600BB5FF1 /* RegisterViewController.swift */; };
		9D926E311D70CD8C0040FDF8 /* NavigationViewController.swift in Sources */ = {isa = PBXBuildFile; fileRef = 9D926E301D70CD8C0040FDF8 /* NavigationViewController.swift */; };
		9D926E391D70E3FE0040FDF8 /* FAQTabViewController.swift in Sources */ = {isa = PBXBuildFile; fileRef = 9D926E381D70E3FE0040FDF8 /* FAQTabViewController.swift */; };
		9D926E3C1D70E4D60040FDF8 /* HomeTabViewController.swift in Sources */ = {isa = PBXBuildFile; fileRef = 9D926E3B1D70E4D60040FDF8 /* HomeTabViewController.swift */; };
		9D926E3E1D70E4EF0040FDF8 /* PointsTabViewController.swift in Sources */ = {isa = PBXBuildFile; fileRef = 9D926E3D1D70E4EF0040FDF8 /* PointsTabViewController.swift */; };
		9D926E401D70E50C0040FDF8 /* NotificationTabViewController.swift in Sources */ = {isa = PBXBuildFile; fileRef = 9D926E3F1D70E50C0040FDF8 /* NotificationTabViewController.swift */; };
		9D926E431D70EF260040FDF8 /* NotificationTabOneViewController.swift in Sources */ = {isa = PBXBuildFile; fileRef = 9D926E421D70EF260040FDF8 /* NotificationTabOneViewController.swift */; };
		9D926E451D70EF3D0040FDF8 /* NotificationTabTwoViewController.swift in Sources */ = {isa = PBXBuildFile; fileRef = 9D926E441D70EF3D0040FDF8 /* NotificationTabTwoViewController.swift */; };
		9D926E471D70EF550040FDF8 /* PointsTabOneViewController.swift in Sources */ = {isa = PBXBuildFile; fileRef = 9D926E461D70EF550040FDF8 /* PointsTabOneViewController.swift */; };
		9D926E491D70EF650040FDF8 /* PointsTabTwoViewController.swift in Sources */ = {isa = PBXBuildFile; fileRef = 9D926E481D70EF650040FDF8 /* PointsTabTwoViewController.swift */; };
		9D926E4B1D70EF8F0040FDF8 /* FAQTabOneViewController.swift in Sources */ = {isa = PBXBuildFile; fileRef = 9D926E4A1D70EF8F0040FDF8 /* FAQTabOneViewController.swift */; };
		9D926E4D1D70EFA30040FDF8 /* FAQTabTwoViewController.swift in Sources */ = {isa = PBXBuildFile; fileRef = 9D926E4C1D70EFA30040FDF8 /* FAQTabTwoViewController.swift */; };
		9D926E511D70FC780040FDF8 /* Preference.swift in Sources */ = {isa = PBXBuildFile; fileRef = 9D926E501D70FC780040FDF8 /* Preference.swift */; };
		9DA88CFE1D79D8B5000C53A3 /* DetailShopViewController.swift in Sources */ = {isa = PBXBuildFile; fileRef = 9DA88CFD1D79D8B5000C53A3 /* DetailShopViewController.swift */; };
		9DA88D1D1D79E9FC000C53A3 /* Category.swift in Sources */ = {isa = PBXBuildFile; fileRef = 9DA88D1C1D79E9FC000C53A3 /* Category.swift */; };
		9DA88D1F1D79F364000C53A3 /* FAQTabThreeViewController.swift in Sources */ = {isa = PBXBuildFile; fileRef = 9DA88D1E1D79F364000C53A3 /* FAQTabThreeViewController.swift */; };
		9DA88D211D79F376000C53A3 /* FAQTabFourViewController.swift in Sources */ = {isa = PBXBuildFile; fileRef = 9DA88D201D79F376000C53A3 /* FAQTabFourViewController.swift */; };
		9DA88D231D79F42E000C53A3 /* PointsTabThreeViewController.swift in Sources */ = {isa = PBXBuildFile; fileRef = 9DA88D221D79F42E000C53A3 /* PointsTabThreeViewController.swift */; };
		9DAADDE41D75EE1D00D9ADE1 /* Promo.swift in Sources */ = {isa = PBXBuildFile; fileRef = 9DAADDE31D75EE1D00D9ADE1 /* Promo.swift */; };
		9DAADE161D7630DD00D9ADE1 /* DetailPromoViewController.swift in Sources */ = {isa = PBXBuildFile; fileRef = 9DAADE151D7630DD00D9ADE1 /* DetailPromoViewController.swift */; };
		9DABCF441DA6E4CA00550DDD /* MenuContainerViewController.swift in Sources */ = {isa = PBXBuildFile; fileRef = 9DABCF431DA6E4CA00550DDD /* MenuContainerViewController.swift */; };
		9DAECDD21DAE9F2800844841 /* FBSDKLoginKit.framework in Frameworks */ = {isa = PBXBuildFile; fileRef = 9DAECDD11DAE9F2800844841 /* FBSDKLoginKit.framework */; };
		9DAECDD31DAE9F2800844841 /* FBSDKLoginKit.framework in Embed Frameworks */ = {isa = PBXBuildFile; fileRef = 9DAECDD11DAE9F2800844841 /* FBSDKLoginKit.framework */; settings = {ATTRIBUTES = (CodeSignOnCopy, RemoveHeadersOnCopy, ); }; };
		9DAECDD51DAE9F3700844841 /* FBSDKCoreKit.framework in Frameworks */ = {isa = PBXBuildFile; fileRef = 9DAECDD41DAE9F3700844841 /* FBSDKCoreKit.framework */; };
		9DAECDD61DAE9F3700844841 /* FBSDKCoreKit.framework in Embed Frameworks */ = {isa = PBXBuildFile; fileRef = 9DAECDD41DAE9F3700844841 /* FBSDKCoreKit.framework */; settings = {ATTRIBUTES = (CodeSignOnCopy, RemoveHeadersOnCopy, ); }; };
		9DAECE161DAECC0700844841 /* KontaktSDK.framework in Embed Frameworks */ = {isa = PBXBuildFile; fileRef = 9DAECE151DAECC0700844841 /* KontaktSDK.framework */; settings = {ATTRIBUTES = (CodeSignOnCopy, RemoveHeadersOnCopy, ); }; };
		9DAECE171DAECDDA00844841 /* KontaktSDK.framework in Frameworks */ = {isa = PBXBuildFile; fileRef = 9DAECE151DAECC0700844841 /* KontaktSDK.framework */; };
		9DB9FA641D6F48C600E24891 /* ProfileViewController.swift in Sources */ = {isa = PBXBuildFile; fileRef = 9DB9FA631D6F48C600E24891 /* ProfileViewController.swift */; };
		9DB9FA701D6F551B00E24891 /* WishViewController.swift in Sources */ = {isa = PBXBuildFile; fileRef = 9DB9FA6F1D6F551B00E24891 /* WishViewController.swift */; };
		9DC5786C1D7739CD00DF4860 /* Product.swift in Sources */ = {isa = PBXBuildFile; fileRef = 9DC5786B1D7739CD00DF4860 /* Product.swift */; };
		9DC5786E1D7739DB00DF4860 /* Department.swift in Sources */ = {isa = PBXBuildFile; fileRef = 9DC5786D1D7739DB00DF4860 /* Department.swift */; };
		9DC578701D7739E900DF4860 /* Shop.swift in Sources */ = {isa = PBXBuildFile; fileRef = 9DC5786F1D7739E900DF4860 /* Shop.swift */; };
		9DC578721D773A0200DF4860 /* History.swift in Sources */ = {isa = PBXBuildFile; fileRef = 9DC578711D773A0200DF4860 /* History.swift */; };
		9DC578741D773DA000DF4860 /* GiftPointsType.swift in Sources */ = {isa = PBXBuildFile; fileRef = 9DC578731D773DA000DF4860 /* GiftPointsType.swift */; };
		9DC658AE1D7DDAB30029DC3F /* DetailGiftPointsViewController.swift in Sources */ = {isa = PBXBuildFile; fileRef = 9DC658AD1D7DDAB30029DC3F /* DetailGiftPointsViewController.swift */; };
		9DC658B21D7DDAFE0029DC3F /* DetailChangePointsViewController.swift in Sources */ = {isa = PBXBuildFile; fileRef = 9DC658B11D7DDAFE0029DC3F /* DetailChangePointsViewController.swift */; };
		9DC6596A1D7E293A0029DC3F /* SwiftyJSON.framework in Embed Frameworks */ = {isa = PBXBuildFile; fileRef = 9DC659511D7E28FF0029DC3F /* SwiftyJSON.framework */; settings = {ATTRIBUTES = (CodeSignOnCopy, RemoveHeadersOnCopy, ); }; };
		9DC6596B1D7E29470029DC3F /* Alamofire.framework in Embed Frameworks */ = {isa = PBXBuildFile; fileRef = 9DC659391D7E28F60029DC3F /* Alamofire.framework */; settings = {ATTRIBUTES = (CodeSignOnCopy, RemoveHeadersOnCopy, ); }; };
		9DC6596C1D7E294D0029DC3F /* CryptoSwift.framework in Embed Frameworks */ = {isa = PBXBuildFile; fileRef = 9DC659241D7E28E60029DC3F /* CryptoSwift.framework */; settings = {ATTRIBUTES = (CodeSignOnCopy, RemoveHeadersOnCopy, ); }; };
		9DC6596E1D7E295C0029DC3F /* JLToast.framework in Embed Frameworks */ = {isa = PBXBuildFile; fileRef = 9DC6590A1D7E28CC0029DC3F /* JLToast.framework */; settings = {ATTRIBUTES = (CodeSignOnCopy, RemoveHeadersOnCopy, ); }; };
		9DC87AAC1D7F3BFD00BFECF1 /* FAQ.swift in Sources */ = {isa = PBXBuildFile; fileRef = 9DC87AAB1D7F3BFD00BFECF1 /* FAQ.swift */; };
		9DCB51A81D74AEDA0056774C /* UtilsC.swift in Sources */ = {isa = PBXBuildFile; fileRef = 9DCB51A71D74AEDA0056774C /* UtilsC.swift */; };
		9DCB51AA1D74E0DD0056774C /* PromoViewController.swift in Sources */ = {isa = PBXBuildFile; fileRef = 9DCB51A91D74E0DD0056774C /* PromoViewController.swift */; };
		9DCB51AC1D74E0EA0056774C /* ShopViewController.swift in Sources */ = {isa = PBXBuildFile; fileRef = 9DCB51AB1D74E0EA0056774C /* ShopViewController.swift */; };
		9DCB51AE1D74E0F80056774C /* ProductViewController.swift in Sources */ = {isa = PBXBuildFile; fileRef = 9DCB51AD1D74E0F80056774C /* ProductViewController.swift */; };
		9DCB523F1D831CED00D36FE6 /* DetailCategoryViewController.swift in Sources */ = {isa = PBXBuildFile; fileRef = 9DCB523E1D831CED00D36FE6 /* DetailCategoryViewController.swift */; };
		9DCB52411D831E3100D36FE6 /* DetailProductCell.swift in Sources */ = {isa = PBXBuildFile; fileRef = 9DCB52401D831E3100D36FE6 /* DetailProductCell.swift */; };
		9DCB52431D8356CB00D36FE6 /* DetailProductViewController.swift in Sources */ = {isa = PBXBuildFile; fileRef = 9DCB52421D8356CB00D36FE6 /* DetailProductViewController.swift */; };
		9DCD15C41D8C52C400E50856 /* HistoryPointsViewController.swift in Sources */ = {isa = PBXBuildFile; fileRef = 9DCD15C31D8C52C400E50856 /* HistoryPointsViewController.swift */; };
		9DCD15EC1D8C560300E50856 /* HistoryPointsCell.swift in Sources */ = {isa = PBXBuildFile; fileRef = 9DCD15EB1D8C560300E50856 /* HistoryPointsCell.swift */; };
		9DD4B7551D78DAEA00C32DC7 /* Notification.swift in Sources */ = {isa = PBXBuildFile; fileRef = 9DD4B7541D78DAEA00C32DC7 /* Notification.swift */; };
		9DDD889C1D80658F00EB6698 /* ShopCell.swift in Sources */ = {isa = PBXBuildFile; fileRef = 9DDD889B1D80658F00EB6698 /* ShopCell.swift */; };
		9DDD88B71D806F2A00EB6698 /* PromoCell.swift in Sources */ = {isa = PBXBuildFile; fileRef = 9DDD88B61D806F2A00EB6698 /* PromoCell.swift */; };
		9DDD88B91D8071A200EB6698 /* ProductCell.swift in Sources */ = {isa = PBXBuildFile; fileRef = 9DDD88B81D8071A200EB6698 /* ProductCell.swift */; };
		9DE460CE1D89A56500F7E058 /* DetailDepartmentViewController.swift in Sources */ = {isa = PBXBuildFile; fileRef = 9DE460CD1D89A56500F7E058 /* DetailDepartmentViewController.swift */; };
		9DE460E81D89E09500F7E058 /* DetailProductDepartmentCell.swift in Sources */ = {isa = PBXBuildFile; fileRef = 9DE460E71D89E09500F7E058 /* DetailProductDepartmentCell.swift */; };
		9DE4A1721D87171700C3AD6E /* WishCell.swift in Sources */ = {isa = PBXBuildFile; fileRef = 9DE4A1711D87171700C3AD6E /* WishCell.swift */; };
		9DF696111D93043A00C22251 /* TableViewController.swift in Sources */ = {isa = PBXBuildFile; fileRef = 9DF696101D93043A00C22251 /* TableViewController.swift */; };
		9DF696131D933C3500C22251 /* HeaderMenuViewController.swift in Sources */ = {isa = PBXBuildFile; fileRef = 9DF696121D933C3500C22251 /* HeaderMenuViewController.swift */; };
		AB5A5D0A1DB96D0C000B55EF /* Utils.swift in Sources */ = {isa = PBXBuildFile; fileRef = AB5A5D091DB96D0C000B55EF /* Utils.swift */; };
		ABBF14AE1DC13A5A0063F632 /* Haneke.framework in Frameworks */ = {isa = PBXBuildFile; fileRef = ABBF14A71DC13A220063F632 /* Haneke.framework */; };
		ABBF14AF1DC13A5A0063F632 /* Haneke.framework in Embed Frameworks */ = {isa = PBXBuildFile; fileRef = ABBF14A71DC13A220063F632 /* Haneke.framework */; settings = {ATTRIBUTES = (CodeSignOnCopy, RemoveHeadersOnCopy, ); }; };
		ABC71F351DB14A520063F636 /* Constants.swift in Sources */ = {isa = PBXBuildFile; fileRef = ABC71F341DB14A520063F636 /* Constants.swift */; };
/* End PBXBuildFile section */

/* Begin PBXContainerItemProxy section */
		9DC659091D7E28CC0029DC3F /* PBXContainerItemProxy */ = {
			isa = PBXContainerItemProxy;
			containerPortal = 9DC659031D7E28CC0029DC3F /* JLToast.xcodeproj */;
			proxyType = 2;
			remoteGlobalIDString = 03A75E2B1BCF2066002E46C4;
			remoteInfo = JLToast;
		};
		9DC6590B1D7E28CC0029DC3F /* PBXContainerItemProxy */ = {
			isa = PBXContainerItemProxy;
			containerPortal = 9DC659031D7E28CC0029DC3F /* JLToast.xcodeproj */;
			proxyType = 2;
			remoteGlobalIDString = 03A75E351BCF2066002E46C4;
			remoteInfo = JLToastTests;
		};
		9DC6590D1D7E28CC0029DC3F /* PBXContainerItemProxy */ = {
			isa = PBXContainerItemProxy;
			containerPortal = 9DC659031D7E28CC0029DC3F /* JLToast.xcodeproj */;
			proxyType = 2;
			remoteGlobalIDString = 03A75E4F1BCF20D4002E46C4;
			remoteInfo = JLToastDemo;
		};
		9DC659231D7E28E60029DC3F /* PBXContainerItemProxy */ = {
			isa = PBXContainerItemProxy;
			containerPortal = 9DC6591B1D7E28E50029DC3F /* CryptoSwift.xcodeproj */;
			proxyType = 2;
			remoteGlobalIDString = 754BE45519693E190098E6F3;
			remoteInfo = "CryptoSwift iOS";
		};
		9DC659251D7E28E60029DC3F /* PBXContainerItemProxy */ = {
			isa = PBXContainerItemProxy;
			containerPortal = 9DC6591B1D7E28E50029DC3F /* CryptoSwift.xcodeproj */;
			proxyType = 2;
			remoteGlobalIDString = 5596BDBB1BC8F220007E38D5;
			remoteInfo = "CryptoSwift watchOS";
		};
		9DC659271D7E28E60029DC3F /* PBXContainerItemProxy */ = {
			isa = PBXContainerItemProxy;
			containerPortal = 9DC6591B1D7E28E50029DC3F /* CryptoSwift.xcodeproj */;
			proxyType = 2;
			remoteGlobalIDString = 75DF77721BC8EB59006E9520;
			remoteInfo = "CryptoSwift OSX";
		};
		9DC659291D7E28E60029DC3F /* PBXContainerItemProxy */ = {
			isa = PBXContainerItemProxy;
			containerPortal = 9DC6591B1D7E28E50029DC3F /* CryptoSwift.xcodeproj */;
			proxyType = 2;
			remoteGlobalIDString = 75D614BF1BD844F2001358B2;
			remoteInfo = "CryptoSwift tvOS";
		};
		9DC6592B1D7E28E60029DC3F /* PBXContainerItemProxy */ = {
			isa = PBXContainerItemProxy;
			containerPortal = 9DC6591B1D7E28E50029DC3F /* CryptoSwift.xcodeproj */;
			proxyType = 2;
			remoteGlobalIDString = 754BE46019693E190098E6F3;
			remoteInfo = CryptoSwiftTests;
		};
		9DC659381D7E28F60029DC3F /* PBXContainerItemProxy */ = {
			isa = PBXContainerItemProxy;
			containerPortal = 9DC6592D1D7E28F60029DC3F /* Alamofire.xcodeproj */;
			proxyType = 2;
			remoteGlobalIDString = F8111E3319A95C8B0040E7D1;
			remoteInfo = "Alamofire iOS";
		};
		9DC6593A1D7E28F60029DC3F /* PBXContainerItemProxy */ = {
			isa = PBXContainerItemProxy;
			containerPortal = 9DC6592D1D7E28F60029DC3F /* Alamofire.xcodeproj */;
			proxyType = 2;
			remoteGlobalIDString = F8111E3E19A95C8B0040E7D1;
			remoteInfo = "Alamofire iOS Tests";
		};
		9DC6593C1D7E28F60029DC3F /* PBXContainerItemProxy */ = {
			isa = PBXContainerItemProxy;
			containerPortal = 9DC6592D1D7E28F60029DC3F /* Alamofire.xcodeproj */;
			proxyType = 2;
			remoteGlobalIDString = 4DD67C0B1A5C55C900ED2280;
			remoteInfo = "Alamofire OSX";
		};
		9DC6593E1D7E28F60029DC3F /* PBXContainerItemProxy */ = {
			isa = PBXContainerItemProxy;
			containerPortal = 9DC6592D1D7E28F60029DC3F /* Alamofire.xcodeproj */;
			proxyType = 2;
			remoteGlobalIDString = F829C6B21A7A94F100A2CD59;
			remoteInfo = "Alamofire OSX Tests";
		};
		9DC659401D7E28F60029DC3F /* PBXContainerItemProxy */ = {
			isa = PBXContainerItemProxy;
			containerPortal = 9DC6592D1D7E28F60029DC3F /* Alamofire.xcodeproj */;
			proxyType = 2;
			remoteGlobalIDString = 4CF626EF1BA7CB3E0011A099;
			remoteInfo = "Alamofire tvOS";
		};
		9DC659421D7E28F60029DC3F /* PBXContainerItemProxy */ = {
			isa = PBXContainerItemProxy;
			containerPortal = 9DC6592D1D7E28F60029DC3F /* Alamofire.xcodeproj */;
			proxyType = 2;
			remoteGlobalIDString = 4CF626F81BA7CB3E0011A099;
			remoteInfo = "Alamofire tvOS Tests";
		};
		9DC659441D7E28F60029DC3F /* PBXContainerItemProxy */ = {
			isa = PBXContainerItemProxy;
			containerPortal = 9DC6592D1D7E28F60029DC3F /* Alamofire.xcodeproj */;
			proxyType = 2;
			remoteGlobalIDString = E4202FE01B667AA100C997FB;
			remoteInfo = "Alamofire watchOS";
		};
		9DC659501D7E28FF0029DC3F /* PBXContainerItemProxy */ = {
			isa = PBXContainerItemProxy;
			containerPortal = 9DC659461D7E28FE0029DC3F /* SwiftyJSON.xcodeproj */;
			proxyType = 2;
			remoteGlobalIDString = 2E4FEFDB19575BE100351305;
			remoteInfo = "SwiftyJSON iOS";
		};
		9DC659521D7E28FF0029DC3F /* PBXContainerItemProxy */ = {
			isa = PBXContainerItemProxy;
			containerPortal = 9DC659461D7E28FE0029DC3F /* SwiftyJSON.xcodeproj */;
			proxyType = 2;
			remoteGlobalIDString = 2E4FEFE619575BE100351305;
			remoteInfo = "SwiftyJSON iOS Tests";
		};
		9DC659541D7E28FF0029DC3F /* PBXContainerItemProxy */ = {
			isa = PBXContainerItemProxy;
			containerPortal = 9DC659461D7E28FE0029DC3F /* SwiftyJSON.xcodeproj */;
			proxyType = 2;
			remoteGlobalIDString = 9C7DFC5B1A9102BD005AA3F7;
			remoteInfo = "SwiftyJSON OSX";
		};
		9DC659561D7E28FF0029DC3F /* PBXContainerItemProxy */ = {
			isa = PBXContainerItemProxy;
			containerPortal = 9DC659461D7E28FE0029DC3F /* SwiftyJSON.xcodeproj */;
			proxyType = 2;
			remoteGlobalIDString = 9C7DFC651A9102BD005AA3F7;
			remoteInfo = "SwiftyJSON OSX Tests";
		};
		9DC659581D7E28FF0029DC3F /* PBXContainerItemProxy */ = {
			isa = PBXContainerItemProxy;
			containerPortal = 9DC659461D7E28FE0029DC3F /* SwiftyJSON.xcodeproj */;
			proxyType = 2;
			remoteGlobalIDString = E4D7CCE81B9465A700EE7221;
			remoteInfo = "SwiftyJSON watchOS";
		};
		9DC6595A1D7E28FF0029DC3F /* PBXContainerItemProxy */ = {
			isa = PBXContainerItemProxy;
			containerPortal = 9DC659461D7E28FE0029DC3F /* SwiftyJSON.xcodeproj */;
			proxyType = 2;
			remoteGlobalIDString = 7236B4F61BAC14150020529B;
			remoteInfo = "SwiftyJSON tvOS";
		};
		9DC6595C1D7E28FF0029DC3F /* PBXContainerItemProxy */ = {
			isa = PBXContainerItemProxy;
			containerPortal = 9DC659461D7E28FE0029DC3F /* SwiftyJSON.xcodeproj */;
			proxyType = 2;
			remoteGlobalIDString = A8580F741BCF5C5B00DA927B;
			remoteInfo = "SwiftyJSON tvOS Tests";
		};
		9DC6595E1D7E290C0029DC3F /* PBXContainerItemProxy */ = {
			isa = PBXContainerItemProxy;
			containerPortal = 9DC659461D7E28FE0029DC3F /* SwiftyJSON.xcodeproj */;
			proxyType = 1;
			remoteGlobalIDString = 2E4FEFDA19575BE100351305;
			remoteInfo = "SwiftyJSON iOS";
		};
		9DC659601D7E29110029DC3F /* PBXContainerItemProxy */ = {
			isa = PBXContainerItemProxy;
			containerPortal = 9DC6592D1D7E28F60029DC3F /* Alamofire.xcodeproj */;
			proxyType = 1;
			remoteGlobalIDString = F8111E3219A95C8B0040E7D1;
			remoteInfo = "Alamofire iOS";
		};
		9DC659621D7E29180029DC3F /* PBXContainerItemProxy */ = {
			isa = PBXContainerItemProxy;
			containerPortal = 9DC6591B1D7E28E50029DC3F /* CryptoSwift.xcodeproj */;
			proxyType = 1;
			remoteGlobalIDString = 754BE45419693E190098E6F3;
			remoteInfo = "CryptoSwift iOS";
		};
		9DC659661D7E29250029DC3F /* PBXContainerItemProxy */ = {
			isa = PBXContainerItemProxy;
			containerPortal = 9DC659031D7E28CC0029DC3F /* JLToast.xcodeproj */;
			proxyType = 1;
			remoteGlobalIDString = 03A75E2A1BCF2066002E46C4;
			remoteInfo = JLToast;
		};
		ABBF14A61DC13A220063F632 /* PBXContainerItemProxy */ = {
			isa = PBXContainerItemProxy;
			containerPortal = ABBF149F1DC13A220063F632 /* Haneke.xcodeproj */;
			proxyType = 2;
			remoteGlobalIDString = A095C9561980418C00CD0F4C;
			remoteInfo = "Haneke-iOS";
		};
		ABBF14A81DC13A220063F632 /* PBXContainerItemProxy */ = {
			isa = PBXContainerItemProxy;
			containerPortal = ABBF149F1DC13A220063F632 /* Haneke.xcodeproj */;
			proxyType = 2;
			remoteGlobalIDString = 6393C5F71C3B229200EB1FD8;
			remoteInfo = "Haneke-tvOS";
		};
		ABBF14AA1DC13A220063F632 /* PBXContainerItemProxy */ = {
			isa = PBXContainerItemProxy;
			containerPortal = ABBF149F1DC13A220063F632 /* Haneke.xcodeproj */;
			proxyType = 2;
			remoteGlobalIDString = A095C9611980418C00CD0F4C;
			remoteInfo = HanekeTests;
		};
		ABBF14AC1DC13A220063F632 /* PBXContainerItemProxy */ = {
			isa = PBXContainerItemProxy;
			containerPortal = ABBF149F1DC13A220063F632 /* Haneke.xcodeproj */;
			proxyType = 2;
			remoteGlobalIDString = A0026E9A19C9BFBC004DE0C6;
			remoteInfo = HanekeDemo;
		};
		ABBF14B01DC13A5A0063F632 /* PBXContainerItemProxy */ = {
			isa = PBXContainerItemProxy;
			containerPortal = ABBF149F1DC13A220063F632 /* Haneke.xcodeproj */;
			proxyType = 1;
			remoteGlobalIDString = A095C9551980418C00CD0F4C;
			remoteInfo = "Haneke-iOS";
		};
/* End PBXContainerItemProxy section */

/* Begin PBXCopyFilesBuildPhase section */
		9D2CA0891D6CBF4E00F8997E /* Embed Frameworks */ = {
			isa = PBXCopyFilesBuildPhase;
			buildActionMask = 2147483647;
			dstPath = "";
			dstSubfolderSpec = 10;
			files = (
				ABBF14AF1DC13A5A0063F632 /* Haneke.framework in Embed Frameworks */,
				9DAECE161DAECC0700844841 /* KontaktSDK.framework in Embed Frameworks */,
				9DC6596E1D7E295C0029DC3F /* JLToast.framework in Embed Frameworks */,
				9DC6596C1D7E294D0029DC3F /* CryptoSwift.framework in Embed Frameworks */,
				9DC6596B1D7E29470029DC3F /* Alamofire.framework in Embed Frameworks */,
				9DAECDD31DAE9F2800844841 /* FBSDKLoginKit.framework in Embed Frameworks */,
				9DAECDD61DAE9F3700844841 /* FBSDKCoreKit.framework in Embed Frameworks */,
				9DC6596A1D7E293A0029DC3F /* SwiftyJSON.framework in Embed Frameworks */,
			);
			name = "Embed Frameworks";
			runOnlyForDeploymentPostprocessing = 0;
		};
/* End PBXCopyFilesBuildPhase section */

/* Begin PBXFileReference section */
		9D134FD21DA2B30B00CBEC06 /* Header.h */ = {isa = PBXFileReference; lastKnownFileType = sourcecode.c.h; path = Header.h; sourceTree = "<group>"; };
		9D134FDC1DA2B83200CBEC06 /* ScanViewController.swift */ = {isa = PBXFileReference; fileEncoding = 4; lastKnownFileType = sourcecode.swift; name = ScanViewController.swift; path = ../ScanViewController.swift; sourceTree = "<group>"; };
		9D1350171DA2F91D00CBEC06 /* KonkatViewController.swift */ = {isa = PBXFileReference; fileEncoding = 4; lastKnownFileType = sourcecode.swift; path = KonkatViewController.swift; sourceTree = "<group>"; };
		9D1E46C51D6DFBAA00772202 /* User.swift */ = {isa = PBXFileReference; fileEncoding = 4; lastKnownFileType = sourcecode.swift; path = User.swift; sourceTree = "<group>"; };
		9D1E47111D6E059A00772202 /* Wish.swift */ = {isa = PBXFileReference; fileEncoding = 4; lastKnownFileType = sourcecode.swift; path = Wish.swift; sourceTree = "<group>"; };
		9D2CA0591D6CBD2F00F8997E /* BeakonIOS.app */ = {isa = PBXFileReference; explicitFileType = wrapper.application; includeInIndex = 0; path = BeakonIOS.app; sourceTree = BUILT_PRODUCTS_DIR; };
		9D2CA05C1D6CBD2F00F8997E /* AppDelegate.swift */ = {isa = PBXFileReference; lastKnownFileType = sourcecode.swift; path = AppDelegate.swift; sourceTree = "<group>"; };
		9D2CA05E1D6CBD2F00F8997E /* ViewController.swift */ = {isa = PBXFileReference; lastKnownFileType = sourcecode.swift; path = ViewController.swift; sourceTree = "<group>"; };
		9D2CA0611D6CBD2F00F8997E /* Base */ = {isa = PBXFileReference; lastKnownFileType = file.storyboard; name = Base; path = Base.lproj/Main.storyboard; sourceTree = "<group>"; };
		9D2CA0631D6CBD2F00F8997E /* Assets.xcassets */ = {isa = PBXFileReference; lastKnownFileType = folder.assetcatalog; path = Assets.xcassets; sourceTree = "<group>"; };
		9D2CA0661D6CBD2F00F8997E /* Base */ = {isa = PBXFileReference; lastKnownFileType = file.storyboard; name = Base; path = Base.lproj/LaunchScreen.storyboard; sourceTree = "<group>"; };
		9D2CA0681D6CBD2F00F8997E /* Info.plist */ = {isa = PBXFileReference; lastKnownFileType = text.plist.xml; path = Info.plist; sourceTree = "<group>"; };
		9D2CA0AE1D6CC67F00F8997E /* LoginViewController.swift */ = {isa = PBXFileReference; fileEncoding = 4; lastKnownFileType = sourcecode.swift; path = LoginViewController.swift; sourceTree = "<group>"; };
		9D565F0E1DC7FFC200DB86E0 /* DepartmentCell.swift */ = {isa = PBXFileReference; fileEncoding = 4; lastKnownFileType = sourcecode.swift; path = DepartmentCell.swift; sourceTree = "<group>"; };
		9D5C0DC21DAE95E600BC4A18 /* DiscoveredBarCodeView.swift */ = {isa = PBXFileReference; fileEncoding = 4; lastKnownFileType = sourcecode.swift; path = DiscoveredBarCodeView.swift; sourceTree = "<group>"; };
		9D7B07D11D6CFBB600BB5FF1 /* RegisterViewController.swift */ = {isa = PBXFileReference; fileEncoding = 4; lastKnownFileType = sourcecode.swift; path = RegisterViewController.swift; sourceTree = "<group>"; };
		9D926E301D70CD8C0040FDF8 /* NavigationViewController.swift */ = {isa = PBXFileReference; fileEncoding = 4; lastKnownFileType = sourcecode.swift; path = NavigationViewController.swift; sourceTree = "<group>"; };
		9D926E381D70E3FE0040FDF8 /* FAQTabViewController.swift */ = {isa = PBXFileReference; fileEncoding = 4; lastKnownFileType = sourcecode.swift; path = FAQTabViewController.swift; sourceTree = "<group>"; };
		9D926E3B1D70E4D60040FDF8 /* HomeTabViewController.swift */ = {isa = PBXFileReference; fileEncoding = 4; lastKnownFileType = sourcecode.swift; path = HomeTabViewController.swift; sourceTree = "<group>"; };
		9D926E3D1D70E4EF0040FDF8 /* PointsTabViewController.swift */ = {isa = PBXFileReference; fileEncoding = 4; lastKnownFileType = sourcecode.swift; path = PointsTabViewController.swift; sourceTree = "<group>"; };
		9D926E3F1D70E50C0040FDF8 /* NotificationTabViewController.swift */ = {isa = PBXFileReference; fileEncoding = 4; lastKnownFileType = sourcecode.swift; path = NotificationTabViewController.swift; sourceTree = "<group>"; };
		9D926E421D70EF260040FDF8 /* NotificationTabOneViewController.swift */ = {isa = PBXFileReference; fileEncoding = 4; lastKnownFileType = sourcecode.swift; path = NotificationTabOneViewController.swift; sourceTree = "<group>"; };
		9D926E441D70EF3D0040FDF8 /* NotificationTabTwoViewController.swift */ = {isa = PBXFileReference; fileEncoding = 4; lastKnownFileType = sourcecode.swift; path = NotificationTabTwoViewController.swift; sourceTree = "<group>"; };
		9D926E461D70EF550040FDF8 /* PointsTabOneViewController.swift */ = {isa = PBXFileReference; fileEncoding = 4; lastKnownFileType = sourcecode.swift; path = PointsTabOneViewController.swift; sourceTree = "<group>"; };
		9D926E481D70EF650040FDF8 /* PointsTabTwoViewController.swift */ = {isa = PBXFileReference; fileEncoding = 4; lastKnownFileType = sourcecode.swift; path = PointsTabTwoViewController.swift; sourceTree = "<group>"; };
		9D926E4A1D70EF8F0040FDF8 /* FAQTabOneViewController.swift */ = {isa = PBXFileReference; fileEncoding = 4; lastKnownFileType = sourcecode.swift; path = FAQTabOneViewController.swift; sourceTree = "<group>"; };
		9D926E4C1D70EFA30040FDF8 /* FAQTabTwoViewController.swift */ = {isa = PBXFileReference; fileEncoding = 4; lastKnownFileType = sourcecode.swift; path = FAQTabTwoViewController.swift; sourceTree = "<group>"; };
		9D926E501D70FC780040FDF8 /* Preference.swift */ = {isa = PBXFileReference; fileEncoding = 4; lastKnownFileType = sourcecode.swift; path = Preference.swift; sourceTree = "<group>"; };
		9D98D7711DA7FCD200687E8E /* Branch.framework */ = {isa = PBXFileReference; lastKnownFileType = wrapper.framework; name = Branch.framework; path = "ios-branch-deep-linking/Branch.framework"; sourceTree = "<group>"; };
		9DA88CFD1D79D8B5000C53A3 /* DetailShopViewController.swift */ = {isa = PBXFileReference; fileEncoding = 4; lastKnownFileType = sourcecode.swift; path = DetailShopViewController.swift; sourceTree = "<group>"; };
		9DA88D1C1D79E9FC000C53A3 /* Category.swift */ = {isa = PBXFileReference; fileEncoding = 4; lastKnownFileType = sourcecode.swift; path = Category.swift; sourceTree = "<group>"; };
		9DA88D1E1D79F364000C53A3 /* FAQTabThreeViewController.swift */ = {isa = PBXFileReference; fileEncoding = 4; lastKnownFileType = sourcecode.swift; path = FAQTabThreeViewController.swift; sourceTree = "<group>"; };
		9DA88D201D79F376000C53A3 /* FAQTabFourViewController.swift */ = {isa = PBXFileReference; fileEncoding = 4; lastKnownFileType = sourcecode.swift; path = FAQTabFourViewController.swift; sourceTree = "<group>"; };
		9DA88D221D79F42E000C53A3 /* PointsTabThreeViewController.swift */ = {isa = PBXFileReference; fileEncoding = 4; lastKnownFileType = sourcecode.swift; path = PointsTabThreeViewController.swift; sourceTree = "<group>"; };
		9DAADDE31D75EE1D00D9ADE1 /* Promo.swift */ = {isa = PBXFileReference; fileEncoding = 4; lastKnownFileType = sourcecode.swift; path = Promo.swift; sourceTree = "<group>"; };
		9DAADE151D7630DD00D9ADE1 /* DetailPromoViewController.swift */ = {isa = PBXFileReference; fileEncoding = 4; lastKnownFileType = sourcecode.swift; path = DetailPromoViewController.swift; sourceTree = "<group>"; };
		9DABCF431DA6E4CA00550DDD /* MenuContainerViewController.swift */ = {isa = PBXFileReference; fileEncoding = 4; lastKnownFileType = sourcecode.swift; path = MenuContainerViewController.swift; sourceTree = "<group>"; };
		9DAECDD11DAE9F2800844841 /* FBSDKLoginKit.framework */ = {isa = PBXFileReference; lastKnownFileType = wrapper.framework; name = FBSDKLoginKit.framework; path = FacebookSDK/FBSDKLoginKit.framework; sourceTree = "<group>"; };
		9DAECDD41DAE9F3700844841 /* FBSDKCoreKit.framework */ = {isa = PBXFileReference; lastKnownFileType = wrapper.framework; name = FBSDKCoreKit.framework; path = FacebookSDK/FBSDKCoreKit.framework; sourceTree = "<group>"; };
		9DAECE151DAECC0700844841 /* KontaktSDK.framework */ = {isa = PBXFileReference; lastKnownFileType = wrapper.framework; name = KontaktSDK.framework; path = kontakt/KontaktSDK/iOS/KontaktSDK.framework; sourceTree = "<group>"; };
		9DB9FA631D6F48C600E24891 /* ProfileViewController.swift */ = {isa = PBXFileReference; fileEncoding = 4; lastKnownFileType = sourcecode.swift; path = ProfileViewController.swift; sourceTree = "<group>"; };
		9DB9FA6F1D6F551B00E24891 /* WishViewController.swift */ = {isa = PBXFileReference; fileEncoding = 4; lastKnownFileType = sourcecode.swift; path = WishViewController.swift; sourceTree = "<group>"; };
		9DC5786B1D7739CD00DF4860 /* Product.swift */ = {isa = PBXFileReference; fileEncoding = 4; lastKnownFileType = sourcecode.swift; path = Product.swift; sourceTree = "<group>"; };
		9DC5786D1D7739DB00DF4860 /* Department.swift */ = {isa = PBXFileReference; fileEncoding = 4; lastKnownFileType = sourcecode.swift; path = Department.swift; sourceTree = "<group>"; };
		9DC5786F1D7739E900DF4860 /* Shop.swift */ = {isa = PBXFileReference; fileEncoding = 4; lastKnownFileType = sourcecode.swift; path = Shop.swift; sourceTree = "<group>"; };
		9DC578711D773A0200DF4860 /* History.swift */ = {isa = PBXFileReference; fileEncoding = 4; lastKnownFileType = sourcecode.swift; path = History.swift; sourceTree = "<group>"; };
		9DC578731D773DA000DF4860 /* GiftPointsType.swift */ = {isa = PBXFileReference; fileEncoding = 4; lastKnownFileType = sourcecode.swift; path = GiftPointsType.swift; sourceTree = "<group>"; };
		9DC658AD1D7DDAB30029DC3F /* DetailGiftPointsViewController.swift */ = {isa = PBXFileReference; fileEncoding = 4; lastKnownFileType = sourcecode.swift; path = DetailGiftPointsViewController.swift; sourceTree = "<group>"; };
		9DC658B11D7DDAFE0029DC3F /* DetailChangePointsViewController.swift */ = {isa = PBXFileReference; fileEncoding = 4; lastKnownFileType = sourcecode.swift; path = DetailChangePointsViewController.swift; sourceTree = "<group>"; };
		9DC658CB1D7E0BF50029DC3F /* BeakonIOS.entitlements */ = {isa = PBXFileReference; lastKnownFileType = text.xml; path = BeakonIOS.entitlements; sourceTree = "<group>"; };
		9DC659031D7E28CC0029DC3F /* JLToast.xcodeproj */ = {isa = PBXFileReference; lastKnownFileType = "wrapper.pb-project"; name = JLToast.xcodeproj; path = JLToast/JLToast.xcodeproj; sourceTree = "<group>"; };
		9DC6591B1D7E28E50029DC3F /* CryptoSwift.xcodeproj */ = {isa = PBXFileReference; lastKnownFileType = "wrapper.pb-project"; name = CryptoSwift.xcodeproj; path = CryptoSwift/CryptoSwift.xcodeproj; sourceTree = "<group>"; };
		9DC6592D1D7E28F60029DC3F /* Alamofire.xcodeproj */ = {isa = PBXFileReference; lastKnownFileType = "wrapper.pb-project"; name = Alamofire.xcodeproj; path = Alamofire/Alamofire.xcodeproj; sourceTree = "<group>"; };
		9DC659461D7E28FE0029DC3F /* SwiftyJSON.xcodeproj */ = {isa = PBXFileReference; lastKnownFileType = "wrapper.pb-project"; name = SwiftyJSON.xcodeproj; path = SwiftyJSON/SwiftyJSON.xcodeproj; sourceTree = "<group>"; };
		9DC87AAB1D7F3BFD00BFECF1 /* FAQ.swift */ = {isa = PBXFileReference; fileEncoding = 4; lastKnownFileType = sourcecode.swift; path = FAQ.swift; sourceTree = "<group>"; };
		9DCB51A71D74AEDA0056774C /* UtilsC.swift */ = {isa = PBXFileReference; fileEncoding = 4; lastKnownFileType = sourcecode.swift; path = UtilsC.swift; sourceTree = "<group>"; };
		9DCB51A91D74E0DD0056774C /* PromoViewController.swift */ = {isa = PBXFileReference; fileEncoding = 4; lastKnownFileType = sourcecode.swift; path = PromoViewController.swift; sourceTree = "<group>"; };
		9DCB51AB1D74E0EA0056774C /* ShopViewController.swift */ = {isa = PBXFileReference; fileEncoding = 4; lastKnownFileType = sourcecode.swift; path = ShopViewController.swift; sourceTree = "<group>"; };
		9DCB51AD1D74E0F80056774C /* ProductViewController.swift */ = {isa = PBXFileReference; fileEncoding = 4; lastKnownFileType = sourcecode.swift; path = ProductViewController.swift; sourceTree = "<group>"; };
		9DCB523E1D831CED00D36FE6 /* DetailCategoryViewController.swift */ = {isa = PBXFileReference; fileEncoding = 4; lastKnownFileType = sourcecode.swift; path = DetailCategoryViewController.swift; sourceTree = "<group>"; };
		9DCB52401D831E3100D36FE6 /* DetailProductCell.swift */ = {isa = PBXFileReference; fileEncoding = 4; lastKnownFileType = sourcecode.swift; path = DetailProductCell.swift; sourceTree = "<group>"; };
		9DCB52421D8356CB00D36FE6 /* DetailProductViewController.swift */ = {isa = PBXFileReference; fileEncoding = 4; lastKnownFileType = sourcecode.swift; path = DetailProductViewController.swift; sourceTree = "<group>"; };
		9DCD15C31D8C52C400E50856 /* HistoryPointsViewController.swift */ = {isa = PBXFileReference; fileEncoding = 4; lastKnownFileType = sourcecode.swift; path = HistoryPointsViewController.swift; sourceTree = "<group>"; };
		9DCD15EB1D8C560300E50856 /* HistoryPointsCell.swift */ = {isa = PBXFileReference; fileEncoding = 4; lastKnownFileType = sourcecode.swift; path = HistoryPointsCell.swift; sourceTree = "<group>"; };
		9DD4B7541D78DAEA00C32DC7 /* Notification.swift */ = {isa = PBXFileReference; fileEncoding = 4; lastKnownFileType = sourcecode.swift; path = Notification.swift; sourceTree = "<group>"; };
		9DDD889B1D80658F00EB6698 /* ShopCell.swift */ = {isa = PBXFileReference; fileEncoding = 4; lastKnownFileType = sourcecode.swift; path = ShopCell.swift; sourceTree = "<group>"; };
		9DDD88B61D806F2A00EB6698 /* PromoCell.swift */ = {isa = PBXFileReference; fileEncoding = 4; lastKnownFileType = sourcecode.swift; path = PromoCell.swift; sourceTree = "<group>"; };
		9DDD88B81D8071A200EB6698 /* ProductCell.swift */ = {isa = PBXFileReference; fileEncoding = 4; lastKnownFileType = sourcecode.swift; path = ProductCell.swift; sourceTree = "<group>"; };
		9DE460CD1D89A56500F7E058 /* DetailDepartmentViewController.swift */ = {isa = PBXFileReference; fileEncoding = 4; lastKnownFileType = sourcecode.swift; path = DetailDepartmentViewController.swift; sourceTree = "<group>"; };
		9DE460E71D89E09500F7E058 /* DetailProductDepartmentCell.swift */ = {isa = PBXFileReference; fileEncoding = 4; lastKnownFileType = sourcecode.swift; path = DetailProductDepartmentCell.swift; sourceTree = "<group>"; };
		9DE4A1711D87171700C3AD6E /* WishCell.swift */ = {isa = PBXFileReference; fileEncoding = 4; lastKnownFileType = sourcecode.swift; path = WishCell.swift; sourceTree = "<group>"; };
		9DF696101D93043A00C22251 /* TableViewController.swift */ = {isa = PBXFileReference; fileEncoding = 4; lastKnownFileType = sourcecode.swift; path = TableViewController.swift; sourceTree = "<group>"; };
		9DF696121D933C3500C22251 /* HeaderMenuViewController.swift */ = {isa = PBXFileReference; fileEncoding = 4; lastKnownFileType = sourcecode.swift; path = HeaderMenuViewController.swift; sourceTree = "<group>"; };
		AB5A5D091DB96D0C000B55EF /* Utils.swift */ = {isa = PBXFileReference; fileEncoding = 4; lastKnownFileType = sourcecode.swift; path = Utils.swift; sourceTree = "<group>"; };
		ABBF149F1DC13A220063F632 /* Haneke.xcodeproj */ = {isa = PBXFileReference; lastKnownFileType = "wrapper.pb-project"; name = Haneke.xcodeproj; path = HanekeSwift/Haneke.xcodeproj; sourceTree = "<group>"; };
		ABC71F341DB14A520063F636 /* Constants.swift */ = {isa = PBXFileReference; fileEncoding = 4; lastKnownFileType = sourcecode.swift; path = Constants.swift; sourceTree = "<group>"; };
/* End PBXFileReference section */

/* Begin PBXFrameworksBuildPhase section */
		9D2CA0561D6CBD2F00F8997E /* Frameworks */ = {
			isa = PBXFrameworksBuildPhase;
			buildActionMask = 2147483647;
			files = (
				ABBF14AE1DC13A5A0063F632 /* Haneke.framework in Frameworks */,
				9DAECE171DAECDDA00844841 /* KontaktSDK.framework in Frameworks */,
				9DAECDD21DAE9F2800844841 /* FBSDKLoginKit.framework in Frameworks */,
				9DAECDD51DAE9F3700844841 /* FBSDKCoreKit.framework in Frameworks */,
			);
			runOnlyForDeploymentPostprocessing = 0;
		};
/* End PBXFrameworksBuildPhase section */

/* Begin PBXGroup section */
		9D1E46A01D6DE8F700772202 /* Entities */ = {
			isa = PBXGroup;
			children = (
				9D1E46C51D6DFBAA00772202 /* User.swift */,
				9D1E47111D6E059A00772202 /* Wish.swift */,
				9D926E501D70FC780040FDF8 /* Preference.swift */,
				9DAADDE31D75EE1D00D9ADE1 /* Promo.swift */,
				9DC5786B1D7739CD00DF4860 /* Product.swift */,
				9DC5786D1D7739DB00DF4860 /* Department.swift */,
				9DC5786F1D7739E900DF4860 /* Shop.swift */,
				9DC578711D773A0200DF4860 /* History.swift */,
				9DC578731D773DA000DF4860 /* GiftPointsType.swift */,
				9DD4B7541D78DAEA00C32DC7 /* Notification.swift */,
				9DA88D1C1D79E9FC000C53A3 /* Category.swift */,
				9DC87AAB1D7F3BFD00BFECF1 /* FAQ.swift */,
			);
			name = Entities;
			sourceTree = "<group>";
		};
		9D2CA0501D6CBD2F00F8997E = {
			isa = PBXGroup;
			children = (
				9DAE97F51DA599E100A0FFA8 /* Submodules */,
				9D134FD21DA2B30B00CBEC06 /* Header.h */,
				9D2CA05B1D6CBD2F00F8997E /* BeakonIOS */,
				9D2CA05A1D6CBD2F00F8997E /* Products */,
			);
			sourceTree = "<group>";
		};
		9D2CA05A1D6CBD2F00F8997E /* Products */ = {
			isa = PBXGroup;
			children = (
				9D2CA0591D6CBD2F00F8997E /* BeakonIOS.app */,
			);
			name = Products;
			sourceTree = "<group>";
		};
		9D2CA05B1D6CBD2F00F8997E /* BeakonIOS */ = {
			isa = PBXGroup;
			children = (
				9DC658CB1D7E0BF50029DC3F /* BeakonIOS.entitlements */,
				9D2CA0AD1D6CC65C00F8997E /* StoryBoard */,
				9D1E46A01D6DE8F700772202 /* Entities */,
				9D2CA0AC1D6CC65200F8997E /* ViewController */,
				9D2CA05C1D6CBD2F00F8997E /* AppDelegate.swift */,
				9D2CA0631D6CBD2F00F8997E /* Assets.xcassets */,
				9D2CA0681D6CBD2F00F8997E /* Info.plist */,
				ABC71F341DB14A520063F636 /* Constants.swift */,
				AB5A5D091DB96D0C000B55EF /* Utils.swift */,
			);
			path = BeakonIOS;
			sourceTree = "<group>";
		};
		9D2CA0AC1D6CC65200F8997E /* ViewController */ = {
			isa = PBXGroup;
			children = (
				9DCB51A41D74AB2A0056774C /* Utils */,
				9DC658B61D7DDBFB0029DC3F /* FAQ */,
				9DC658B71D7DDC3A0029DC3F /* Notification */,
				9DC658BA1D7DDC6D0029DC3F /* Points */,
				9DC658BE1D7DDCB40029DC3F /* Home */,
				9DCD15DD1D8C546100E50856 /* HistoryPoints */,
				9DCD15DE1D8C548000E50856 /* Profile */,
				9DCD15DF1D8C549700E50856 /* Wish */,
				9DCD15E51D8C550500E50856 /* Navigation */,
				9DCD15E71D8C553100E50856 /* Inicial */,
			);
			name = ViewController;
			sourceTree = "<group>";
		};
		9D2CA0AD1D6CC65C00F8997E /* StoryBoard */ = {
			isa = PBXGroup;
			children = (
				9D2CA0601D6CBD2F00F8997E /* Main.storyboard */,
				9D2CA0651D6CBD2F00F8997E /* LaunchScreen.storyboard */,
			);
			name = StoryBoard;
			sourceTree = "<group>";
		};
		9DAE97F51DA599E100A0FFA8 /* Submodules */ = {
			isa = PBXGroup;
			children = (
				ABBF149F1DC13A220063F632 /* Haneke.xcodeproj */,
				9DAECDD41DAE9F3700844841 /* FBSDKCoreKit.framework */,
				9DAECDD11DAE9F2800844841 /* FBSDKLoginKit.framework */,
				9DAECE151DAECC0700844841 /* KontaktSDK.framework */,
				9D98D7711DA7FCD200687E8E /* Branch.framework */,
				9DC659031D7E28CC0029DC3F /* JLToast.xcodeproj */,
				9DC6591B1D7E28E50029DC3F /* CryptoSwift.xcodeproj */,
				9DC6592D1D7E28F60029DC3F /* Alamofire.xcodeproj */,
				9DC659461D7E28FE0029DC3F /* SwiftyJSON.xcodeproj */,
			);
			name = Submodules;
			sourceTree = "<group>";
		};
		9DC658B31D7DDBB20029DC3F /* Tabs */ = {
			isa = PBXGroup;
			children = (
				9DA88D201D79F376000C53A3 /* FAQTabFourViewController.swift */,
				9D926E4C1D70EFA30040FDF8 /* FAQTabTwoViewController.swift */,
				9D926E4A1D70EF8F0040FDF8 /* FAQTabOneViewController.swift */,
				9DA88D1E1D79F364000C53A3 /* FAQTabThreeViewController.swift */,
			);
			name = Tabs;
			sourceTree = "<group>";
		};
		9DC658B41D7DDBBC0029DC3F /* Controller */ = {
			isa = PBXGroup;
			children = (
				9D926E381D70E3FE0040FDF8 /* FAQTabViewController.swift */,
			);
			name = Controller;
			sourceTree = "<group>";
		};
		9DC658B61D7DDBFB0029DC3F /* FAQ */ = {
			isa = PBXGroup;
			children = (
				9DC658B31D7DDBB20029DC3F /* Tabs */,
				9DC658B41D7DDBBC0029DC3F /* Controller */,
			);
			name = FAQ;
			sourceTree = "<group>";
		};
		9DC658B71D7DDC3A0029DC3F /* Notification */ = {
			isa = PBXGroup;
			children = (
				9DC658B91D7DDC520029DC3F /* Controller */,
				9DC658B81D7DDC4D0029DC3F /* Tabs */,
			);
			name = Notification;
			sourceTree = "<group>";
		};
		9DC658B81D7DDC4D0029DC3F /* Tabs */ = {
			isa = PBXGroup;
			children = (
				9D926E421D70EF260040FDF8 /* NotificationTabOneViewController.swift */,
				9D926E441D70EF3D0040FDF8 /* NotificationTabTwoViewController.swift */,
			);
			name = Tabs;
			sourceTree = "<group>";
		};
		9DC658B91D7DDC520029DC3F /* Controller */ = {
			isa = PBXGroup;
			children = (
				9D926E3F1D70E50C0040FDF8 /* NotificationTabViewController.swift */,
			);
			name = Controller;
			sourceTree = "<group>";
		};
		9DC658BA1D7DDC6D0029DC3F /* Points */ = {
			isa = PBXGroup;
			children = (
				9DC658BD1D7DDC810029DC3F /* Details */,
				9DC658BC1D7DDC7A0029DC3F /* Controller */,
				9DC658BB1D7DDC730029DC3F /* Tabs */,
			);
			name = Points;
			sourceTree = "<group>";
		};
		9DC658BB1D7DDC730029DC3F /* Tabs */ = {
			isa = PBXGroup;
			children = (
				9DA88D221D79F42E000C53A3 /* PointsTabThreeViewController.swift */,
				9D926E481D70EF650040FDF8 /* PointsTabTwoViewController.swift */,
				9D926E461D70EF550040FDF8 /* PointsTabOneViewController.swift */,
			);
			name = Tabs;
			sourceTree = "<group>";
		};
		9DC658BC1D7DDC7A0029DC3F /* Controller */ = {
			isa = PBXGroup;
			children = (
				9D926E3D1D70E4EF0040FDF8 /* PointsTabViewController.swift */,
			);
			name = Controller;
			sourceTree = "<group>";
		};
		9DC658BD1D7DDC810029DC3F /* Details */ = {
			isa = PBXGroup;
			children = (
				9DC658AD1D7DDAB30029DC3F /* DetailGiftPointsViewController.swift */,
				9DC658B11D7DDAFE0029DC3F /* DetailChangePointsViewController.swift */,
			);
			name = Details;
			sourceTree = "<group>";
		};
		9DC658BE1D7DDCB40029DC3F /* Home */ = {
			isa = PBXGroup;
			children = (
				9DDD88B51D806F0500EB6698 /* Cells */,
				9DC658C11D7DDCCE0029DC3F /* Details */,
				9DC658C01D7DDCC70029DC3F /* Tabs */,
				9DC658BF1D7DDCBF0029DC3F /* Controller */,
			);
			name = Home;
			sourceTree = "<group>";
		};
		9DC658BF1D7DDCBF0029DC3F /* Controller */ = {
			isa = PBXGroup;
			children = (
				9D926E3B1D70E4D60040FDF8 /* HomeTabViewController.swift */,
			);
			name = Controller;
			sourceTree = "<group>";
		};
		9DC658C01D7DDCC70029DC3F /* Tabs */ = {
			isa = PBXGroup;
			children = (
				9DCB51A91D74E0DD0056774C /* PromoViewController.swift */,
				9DCB51AD1D74E0F80056774C /* ProductViewController.swift */,
				9DCB51AB1D74E0EA0056774C /* ShopViewController.swift */,
			);
			name = Tabs;
			sourceTree = "<group>";
		};
		9DC658C11D7DDCCE0029DC3F /* Details */ = {
			isa = PBXGroup;
			children = (
				9DAADE151D7630DD00D9ADE1 /* DetailPromoViewController.swift */,
				9DA88CFD1D79D8B5000C53A3 /* DetailShopViewController.swift */,
				9DCB52421D8356CB00D36FE6 /* DetailProductViewController.swift */,
				9DCB523E1D831CED00D36FE6 /* DetailCategoryViewController.swift */,
				9DE460CD1D89A56500F7E058 /* DetailDepartmentViewController.swift */,
			);
			name = Details;
			sourceTree = "<group>";
		};
		9DC659041D7E28CC0029DC3F /* Products */ = {
			isa = PBXGroup;
			children = (
				9DC6590A1D7E28CC0029DC3F /* JLToast.framework */,
				9DC6590C1D7E28CC0029DC3F /* JLToastTests.xctest */,
				9DC6590E1D7E28CC0029DC3F /* JLToastDemo.app */,
			);
			name = Products;
			sourceTree = "<group>";
		};
		9DC6591C1D7E28E50029DC3F /* Products */ = {
			isa = PBXGroup;
			children = (
				9DC659241D7E28E60029DC3F /* CryptoSwift.framework */,
				9DC659261D7E28E60029DC3F /* CryptoSwift.framework */,
				9DC659281D7E28E60029DC3F /* CryptoSwift.framework */,
				9DC6592A1D7E28E60029DC3F /* CryptoSwift.framework */,
				9DC6592C1D7E28E60029DC3F /* CryptoSwiftTests.xctest */,
			);
			name = Products;
			sourceTree = "<group>";
		};
		9DC6592E1D7E28F60029DC3F /* Products */ = {
			isa = PBXGroup;
			children = (
				9DC659391D7E28F60029DC3F /* Alamofire.framework */,
				9DC6593B1D7E28F60029DC3F /* Alamofire iOS Tests.xctest */,
				9DC6593D1D7E28F60029DC3F /* Alamofire.framework */,
				9DC6593F1D7E28F60029DC3F /* Alamofire OSX Tests.xctest */,
				9DC659411D7E28F60029DC3F /* Alamofire.framework */,
				9DC659431D7E28F60029DC3F /* Alamofire tvOS Tests.xctest */,
				9DC659451D7E28F60029DC3F /* Alamofire.framework */,
			);
			name = Products;
			sourceTree = "<group>";
		};
		9DC659471D7E28FE0029DC3F /* Products */ = {
			isa = PBXGroup;
			children = (
				9DC659511D7E28FF0029DC3F /* SwiftyJSON.framework */,
				9DC659531D7E28FF0029DC3F /* SwiftyJSON iOS Tests.xctest */,
				9DC659551D7E28FF0029DC3F /* SwiftyJSON.framework */,
				9DC659571D7E28FF0029DC3F /* SwiftyJSON OSX Tests.xctest */,
				9DC659591D7E28FF0029DC3F /* SwiftyJSON.framework */,
				9DC6595B1D7E28FF0029DC3F /* SwiftyJSON.framework */,
				9DC6595D1D7E28FF0029DC3F /* SwiftyJSON tvOS Tests.xctest */,
			);
			name = Products;
			sourceTree = "<group>";
		};
		9DCB51A41D74AB2A0056774C /* Utils */ = {
			isa = PBXGroup;
			children = (
				9DCB51A71D74AEDA0056774C /* UtilsC.swift */,
				9D134FDC1DA2B83200CBEC06 /* ScanViewController.swift */,
				9D1350171DA2F91D00CBEC06 /* KonkatViewController.swift */,
				9D5C0DC21DAE95E600BC4A18 /* DiscoveredBarCodeView.swift */,
			);
			name = Utils;
			sourceTree = "<group>";
		};
		9DCD15DD1D8C546100E50856 /* HistoryPoints */ = {
			isa = PBXGroup;
			children = (
				9DCD15E41D8C54CE00E50856 /* Cells */,
				9DCD15E31D8C54C900E50856 /* Controller */,
			);
			name = HistoryPoints;
			sourceTree = "<group>";
		};
		9DCD15DE1D8C548000E50856 /* Profile */ = {
			isa = PBXGroup;
			children = (
				9DCD15E21D8C54BE00E50856 /* Controller */,
			);
			name = Profile;
			sourceTree = "<group>";
		};
		9DCD15DF1D8C549700E50856 /* Wish */ = {
			isa = PBXGroup;
			children = (
				9DCD15E11D8C54B000E50856 /* Cells */,
				9DCD15E01D8C54A800E50856 /* Controller */,
			);
			name = Wish;
			sourceTree = "<group>";
		};
		9DCD15E01D8C54A800E50856 /* Controller */ = {
			isa = PBXGroup;
			children = (
				9DB9FA6F1D6F551B00E24891 /* WishViewController.swift */,
			);
			name = Controller;
			sourceTree = "<group>";
		};
		9DCD15E11D8C54B000E50856 /* Cells */ = {
			isa = PBXGroup;
			children = (
				9DE4A1711D87171700C3AD6E /* WishCell.swift */,
			);
			name = Cells;
			sourceTree = "<group>";
		};
		9DCD15E21D8C54BE00E50856 /* Controller */ = {
			isa = PBXGroup;
			children = (
				9DB9FA631D6F48C600E24891 /* ProfileViewController.swift */,
			);
			name = Controller;
			sourceTree = "<group>";
		};
		9DCD15E31D8C54C900E50856 /* Controller */ = {
			isa = PBXGroup;
			children = (
				9DCD15C31D8C52C400E50856 /* HistoryPointsViewController.swift */,
			);
			name = Controller;
			sourceTree = "<group>";
		};
		9DCD15E41D8C54CE00E50856 /* Cells */ = {
			isa = PBXGroup;
			children = (
				9DCD15EB1D8C560300E50856 /* HistoryPointsCell.swift */,
			);
			name = Cells;
			sourceTree = "<group>";
		};
		9DCD15E51D8C550500E50856 /* Navigation */ = {
			isa = PBXGroup;
			children = (
				9DCD15E61D8C551400E50856 /* Controller */,
			);
			name = Navigation;
			sourceTree = "<group>";
		};
		9DCD15E61D8C551400E50856 /* Controller */ = {
			isa = PBXGroup;
			children = (
				9D926E301D70CD8C0040FDF8 /* NavigationViewController.swift */,
				9DF696101D93043A00C22251 /* TableViewController.swift */,
				9DF696121D933C3500C22251 /* HeaderMenuViewController.swift */,
				9DABCF431DA6E4CA00550DDD /* MenuContainerViewController.swift */,
			);
			name = Controller;
			sourceTree = "<group>";
		};
		9DCD15E71D8C553100E50856 /* Inicial */ = {
			isa = PBXGroup;
			children = (
				9DCD15E81D8C553F00E50856 /* Controller */,
			);
			name = Inicial;
			sourceTree = "<group>";
		};
		9DCD15E81D8C553F00E50856 /* Controller */ = {
			isa = PBXGroup;
			children = (
				9D2CA05E1D6CBD2F00F8997E /* ViewController.swift */,
				9D7B07D11D6CFBB600BB5FF1 /* RegisterViewController.swift */,
				9D2CA0AE1D6CC67F00F8997E /* LoginViewController.swift */,
			);
			name = Controller;
			sourceTree = "<group>";
		};
		9DDD88B51D806F0500EB6698 /* Cells */ = {
			isa = PBXGroup;
			children = (
				9DDD889B1D80658F00EB6698 /* ShopCell.swift */,
				9DDD88B61D806F2A00EB6698 /* PromoCell.swift */,
				9DDD88B81D8071A200EB6698 /* ProductCell.swift */,
				9DCB52401D831E3100D36FE6 /* DetailProductCell.swift */,
				9DE460E71D89E09500F7E058 /* DetailProductDepartmentCell.swift */,
				9D565F0E1DC7FFC200DB86E0 /* DepartmentCell.swift */,
			);
			name = Cells;
			sourceTree = "<group>";
		};
		ABBF14A01DC13A220063F632 /* Products */ = {
			isa = PBXGroup;
			children = (
				ABBF14A71DC13A220063F632 /* Haneke.framework */,
				ABBF14A91DC13A220063F632 /* Haneke.framework */,
				ABBF14AB1DC13A220063F632 /* HanekeTests.xctest */,
				ABBF14AD1DC13A220063F632 /* HanekeDemo.app */,
			);
			name = Products;
			sourceTree = "<group>";
		};
/* End PBXGroup section */

/* Begin PBXNativeTarget section */
		9D2CA0581D6CBD2F00F8997E /* BeakonIOS */ = {
			isa = PBXNativeTarget;
			buildConfigurationList = 9D2CA06B1D6CBD2F00F8997E /* Build configuration list for PBXNativeTarget "BeakonIOS" */;
			buildPhases = (
				9D2CA0551D6CBD2F00F8997E /* Sources */,
				9D2CA0561D6CBD2F00F8997E /* Frameworks */,
				9D2CA0571D6CBD2F00F8997E /* Resources */,
				9D2CA0891D6CBF4E00F8997E /* Embed Frameworks */,
			);
			buildRules = (
			);
			dependencies = (
				9DC659671D7E29250029DC3F /* PBXTargetDependency */,
				9DC659631D7E29180029DC3F /* PBXTargetDependency */,
				9DC659611D7E29110029DC3F /* PBXTargetDependency */,
				9DC6595F1D7E290C0029DC3F /* PBXTargetDependency */,
				ABBF14B11DC13A5A0063F632 /* PBXTargetDependency */,
			);
			name = BeakonIOS;
			productName = BeakonIOS;
			productReference = 9D2CA0591D6CBD2F00F8997E /* BeakonIOS.app */;
			productType = "com.apple.product-type.application";
		};
/* End PBXNativeTarget section */

/* Begin PBXProject section */
		9D2CA0511D6CBD2F00F8997E /* Project object */ = {
			isa = PBXProject;
			attributes = {
				LastSwiftUpdateCheck = 0730;
				LastUpgradeCheck = 0730;
				ORGANIZATIONNAME = CentauroSolutions;
				TargetAttributes = {
					9D2CA0581D6CBD2F00F8997E = {
						CreatedOnToolsVersion = 7.3;
						DevelopmentTeam = DQ3722E3Y2;
						SystemCapabilities = {
							com.apple.BackgroundModes = {
								enabled = 1;
							};
							com.apple.Push = {
								enabled = 1;
							};
							com.apple.SafariKeychain = {
								enabled = 1;
							};
						};
					};
				};
			};
			buildConfigurationList = 9D2CA0541D6CBD2F00F8997E /* Build configuration list for PBXProject "BeakonIOS" */;
			compatibilityVersion = "Xcode 3.2";
			developmentRegion = English;
			hasScannedForEncodings = 0;
			knownRegions = (
				en,
				Base,
			);
			mainGroup = 9D2CA0501D6CBD2F00F8997E;
			productRefGroup = 9D2CA05A1D6CBD2F00F8997E /* Products */;
			projectDirPath = "";
			projectReferences = (
				{
					ProductGroup = 9DC6592E1D7E28F60029DC3F /* Products */;
					ProjectRef = 9DC6592D1D7E28F60029DC3F /* Alamofire.xcodeproj */;
				},
				{
					ProductGroup = 9DC6591C1D7E28E50029DC3F /* Products */;
					ProjectRef = 9DC6591B1D7E28E50029DC3F /* CryptoSwift.xcodeproj */;
				},
				{
					ProductGroup = ABBF14A01DC13A220063F632 /* Products */;
					ProjectRef = ABBF149F1DC13A220063F632 /* Haneke.xcodeproj */;
				},
				{
					ProductGroup = 9DC659041D7E28CC0029DC3F /* Products */;
					ProjectRef = 9DC659031D7E28CC0029DC3F /* JLToast.xcodeproj */;
				},
				{
					ProductGroup = 9DC659471D7E28FE0029DC3F /* Products */;
					ProjectRef = 9DC659461D7E28FE0029DC3F /* SwiftyJSON.xcodeproj */;
				},
			);
			projectRoot = "";
			targets = (
				9D2CA0581D6CBD2F00F8997E /* BeakonIOS */,
			);
		};
/* End PBXProject section */

/* Begin PBXReferenceProxy section */
		9DC6590A1D7E28CC0029DC3F /* JLToast.framework */ = {
			isa = PBXReferenceProxy;
			fileType = wrapper.framework;
			path = JLToast.framework;
			remoteRef = 9DC659091D7E28CC0029DC3F /* PBXContainerItemProxy */;
			sourceTree = BUILT_PRODUCTS_DIR;
		};
		9DC6590C1D7E28CC0029DC3F /* JLToastTests.xctest */ = {
			isa = PBXReferenceProxy;
			fileType = wrapper.cfbundle;
			path = JLToastTests.xctest;
			remoteRef = 9DC6590B1D7E28CC0029DC3F /* PBXContainerItemProxy */;
			sourceTree = BUILT_PRODUCTS_DIR;
		};
		9DC6590E1D7E28CC0029DC3F /* JLToastDemo.app */ = {
			isa = PBXReferenceProxy;
			fileType = wrapper.application;
			path = JLToastDemo.app;
			remoteRef = 9DC6590D1D7E28CC0029DC3F /* PBXContainerItemProxy */;
			sourceTree = BUILT_PRODUCTS_DIR;
		};
		9DC659241D7E28E60029DC3F /* CryptoSwift.framework */ = {
			isa = PBXReferenceProxy;
			fileType = wrapper.framework;
			path = CryptoSwift.framework;
			remoteRef = 9DC659231D7E28E60029DC3F /* PBXContainerItemProxy */;
			sourceTree = BUILT_PRODUCTS_DIR;
		};
		9DC659261D7E28E60029DC3F /* CryptoSwift.framework */ = {
			isa = PBXReferenceProxy;
			fileType = wrapper.framework;
			path = CryptoSwift.framework;
			remoteRef = 9DC659251D7E28E60029DC3F /* PBXContainerItemProxy */;
			sourceTree = BUILT_PRODUCTS_DIR;
		};
		9DC659281D7E28E60029DC3F /* CryptoSwift.framework */ = {
			isa = PBXReferenceProxy;
			fileType = wrapper.framework;
			path = CryptoSwift.framework;
			remoteRef = 9DC659271D7E28E60029DC3F /* PBXContainerItemProxy */;
			sourceTree = BUILT_PRODUCTS_DIR;
		};
		9DC6592A1D7E28E60029DC3F /* CryptoSwift.framework */ = {
			isa = PBXReferenceProxy;
			fileType = wrapper.framework;
			path = CryptoSwift.framework;
			remoteRef = 9DC659291D7E28E60029DC3F /* PBXContainerItemProxy */;
			sourceTree = BUILT_PRODUCTS_DIR;
		};
		9DC6592C1D7E28E60029DC3F /* CryptoSwiftTests.xctest */ = {
			isa = PBXReferenceProxy;
			fileType = wrapper.cfbundle;
			path = CryptoSwiftTests.xctest;
			remoteRef = 9DC6592B1D7E28E60029DC3F /* PBXContainerItemProxy */;
			sourceTree = BUILT_PRODUCTS_DIR;
		};
		9DC659391D7E28F60029DC3F /* Alamofire.framework */ = {
			isa = PBXReferenceProxy;
			fileType = wrapper.framework;
			path = Alamofire.framework;
			remoteRef = 9DC659381D7E28F60029DC3F /* PBXContainerItemProxy */;
			sourceTree = BUILT_PRODUCTS_DIR;
		};
		9DC6593B1D7E28F60029DC3F /* Alamofire iOS Tests.xctest */ = {
			isa = PBXReferenceProxy;
			fileType = wrapper.cfbundle;
			path = "Alamofire iOS Tests.xctest";
			remoteRef = 9DC6593A1D7E28F60029DC3F /* PBXContainerItemProxy */;
			sourceTree = BUILT_PRODUCTS_DIR;
		};
		9DC6593D1D7E28F60029DC3F /* Alamofire.framework */ = {
			isa = PBXReferenceProxy;
			fileType = wrapper.framework;
			path = Alamofire.framework;
			remoteRef = 9DC6593C1D7E28F60029DC3F /* PBXContainerItemProxy */;
			sourceTree = BUILT_PRODUCTS_DIR;
		};
		9DC6593F1D7E28F60029DC3F /* Alamofire OSX Tests.xctest */ = {
			isa = PBXReferenceProxy;
			fileType = wrapper.cfbundle;
			path = "Alamofire OSX Tests.xctest";
			remoteRef = 9DC6593E1D7E28F60029DC3F /* PBXContainerItemProxy */;
			sourceTree = BUILT_PRODUCTS_DIR;
		};
		9DC659411D7E28F60029DC3F /* Alamofire.framework */ = {
			isa = PBXReferenceProxy;
			fileType = wrapper.framework;
			path = Alamofire.framework;
			remoteRef = 9DC659401D7E28F60029DC3F /* PBXContainerItemProxy */;
			sourceTree = BUILT_PRODUCTS_DIR;
		};
		9DC659431D7E28F60029DC3F /* Alamofire tvOS Tests.xctest */ = {
			isa = PBXReferenceProxy;
			fileType = wrapper.cfbundle;
			path = "Alamofire tvOS Tests.xctest";
			remoteRef = 9DC659421D7E28F60029DC3F /* PBXContainerItemProxy */;
			sourceTree = BUILT_PRODUCTS_DIR;
		};
		9DC659451D7E28F60029DC3F /* Alamofire.framework */ = {
			isa = PBXReferenceProxy;
			fileType = wrapper.framework;
			path = Alamofire.framework;
			remoteRef = 9DC659441D7E28F60029DC3F /* PBXContainerItemProxy */;
			sourceTree = BUILT_PRODUCTS_DIR;
		};
		9DC659511D7E28FF0029DC3F /* SwiftyJSON.framework */ = {
			isa = PBXReferenceProxy;
			fileType = wrapper.framework;
			path = SwiftyJSON.framework;
			remoteRef = 9DC659501D7E28FF0029DC3F /* PBXContainerItemProxy */;
			sourceTree = BUILT_PRODUCTS_DIR;
		};
		9DC659531D7E28FF0029DC3F /* SwiftyJSON iOS Tests.xctest */ = {
			isa = PBXReferenceProxy;
			fileType = wrapper.cfbundle;
			path = "SwiftyJSON iOS Tests.xctest";
			remoteRef = 9DC659521D7E28FF0029DC3F /* PBXContainerItemProxy */;
			sourceTree = BUILT_PRODUCTS_DIR;
		};
		9DC659551D7E28FF0029DC3F /* SwiftyJSON.framework */ = {
			isa = PBXReferenceProxy;
			fileType = wrapper.framework;
			path = SwiftyJSON.framework;
			remoteRef = 9DC659541D7E28FF0029DC3F /* PBXContainerItemProxy */;
			sourceTree = BUILT_PRODUCTS_DIR;
		};
		9DC659571D7E28FF0029DC3F /* SwiftyJSON OSX Tests.xctest */ = {
			isa = PBXReferenceProxy;
			fileType = wrapper.cfbundle;
			path = "SwiftyJSON OSX Tests.xctest";
			remoteRef = 9DC659561D7E28FF0029DC3F /* PBXContainerItemProxy */;
			sourceTree = BUILT_PRODUCTS_DIR;
		};
		9DC659591D7E28FF0029DC3F /* SwiftyJSON.framework */ = {
			isa = PBXReferenceProxy;
			fileType = wrapper.framework;
			path = SwiftyJSON.framework;
			remoteRef = 9DC659581D7E28FF0029DC3F /* PBXContainerItemProxy */;
			sourceTree = BUILT_PRODUCTS_DIR;
		};
		9DC6595B1D7E28FF0029DC3F /* SwiftyJSON.framework */ = {
			isa = PBXReferenceProxy;
			fileType = wrapper.framework;
			path = SwiftyJSON.framework;
			remoteRef = 9DC6595A1D7E28FF0029DC3F /* PBXContainerItemProxy */;
			sourceTree = BUILT_PRODUCTS_DIR;
		};
		9DC6595D1D7E28FF0029DC3F /* SwiftyJSON tvOS Tests.xctest */ = {
			isa = PBXReferenceProxy;
			fileType = wrapper.cfbundle;
			path = "SwiftyJSON tvOS Tests.xctest";
			remoteRef = 9DC6595C1D7E28FF0029DC3F /* PBXContainerItemProxy */;
			sourceTree = BUILT_PRODUCTS_DIR;
		};
		ABBF14A71DC13A220063F632 /* Haneke.framework */ = {
			isa = PBXReferenceProxy;
			fileType = wrapper.framework;
			path = Haneke.framework;
			remoteRef = ABBF14A61DC13A220063F632 /* PBXContainerItemProxy */;
			sourceTree = BUILT_PRODUCTS_DIR;
		};
		ABBF14A91DC13A220063F632 /* Haneke.framework */ = {
			isa = PBXReferenceProxy;
			fileType = wrapper.framework;
			path = Haneke.framework;
			remoteRef = ABBF14A81DC13A220063F632 /* PBXContainerItemProxy */;
			sourceTree = BUILT_PRODUCTS_DIR;
		};
		ABBF14AB1DC13A220063F632 /* HanekeTests.xctest */ = {
			isa = PBXReferenceProxy;
			fileType = wrapper.cfbundle;
			path = HanekeTests.xctest;
			remoteRef = ABBF14AA1DC13A220063F632 /* PBXContainerItemProxy */;
			sourceTree = BUILT_PRODUCTS_DIR;
		};
		ABBF14AD1DC13A220063F632 /* HanekeDemo.app */ = {
			isa = PBXReferenceProxy;
			fileType = wrapper.application;
			path = HanekeDemo.app;
			remoteRef = ABBF14AC1DC13A220063F632 /* PBXContainerItemProxy */;
			sourceTree = BUILT_PRODUCTS_DIR;
		};
/* End PBXReferenceProxy section */

/* Begin PBXResourcesBuildPhase section */
		9D2CA0571D6CBD2F00F8997E /* Resources */ = {
			isa = PBXResourcesBuildPhase;
			buildActionMask = 2147483647;
			files = (
				9D2CA0671D6CBD2F00F8997E /* LaunchScreen.storyboard in Resources */,
				9D2CA0641D6CBD2F00F8997E /* Assets.xcassets in Resources */,
				9D2CA0621D6CBD2F00F8997E /* Main.storyboard in Resources */,
			);
			runOnlyForDeploymentPostprocessing = 0;
		};
/* End PBXResourcesBuildPhase section */

/* Begin PBXSourcesBuildPhase section */
		9D2CA0551D6CBD2F00F8997E /* Sources */ = {
			isa = PBXSourcesBuildPhase;
			buildActionMask = 2147483647;
			files = (
				9D926E4B1D70EF8F0040FDF8 /* FAQTabOneViewController.swift in Sources */,
				9D2CA0AF1D6CC67F00F8997E /* LoginViewController.swift in Sources */,
				9DCB51A81D74AEDA0056774C /* UtilsC.swift in Sources */,
				9D5C0DC31DAE95E600BC4A18 /* DiscoveredBarCodeView.swift in Sources */,
				9D134FDD1DA2B83200CBEC06 /* ScanViewController.swift in Sources */,
				9DC5786E1D7739DB00DF4860 /* Department.swift in Sources */,
				9DE460E81D89E09500F7E058 /* DetailProductDepartmentCell.swift in Sources */,
				9D926E401D70E50C0040FDF8 /* NotificationTabViewController.swift in Sources */,
				9D926E471D70EF550040FDF8 /* PointsTabOneViewController.swift in Sources */,
				9DCB52411D831E3100D36FE6 /* DetailProductCell.swift in Sources */,
				9DC5786C1D7739CD00DF4860 /* Product.swift in Sources */,
				9DE460CE1D89A56500F7E058 /* DetailDepartmentViewController.swift in Sources */,
				9DDD889C1D80658F00EB6698 /* ShopCell.swift in Sources */,
				9D2CA05F1D6CBD2F00F8997E /* ViewController.swift in Sources */,
				9D926E391D70E3FE0040FDF8 /* FAQTabViewController.swift in Sources */,
				9D926E451D70EF3D0040FDF8 /* NotificationTabTwoViewController.swift in Sources */,
				9DF696131D933C3500C22251 /* HeaderMenuViewController.swift in Sources */,
				9D1E46C61D6DFBAA00772202 /* User.swift in Sources */,
				ABC71F351DB14A520063F636 /* Constants.swift in Sources */,
				9D565F0F1DC7FFC200DB86E0 /* DepartmentCell.swift in Sources */,
				9DA88CFE1D79D8B5000C53A3 /* DetailShopViewController.swift in Sources */,
				9DB9FA701D6F551B00E24891 /* WishViewController.swift in Sources */,
				9D1E47121D6E059A00772202 /* Wish.swift in Sources */,
				9DC578741D773DA000DF4860 /* GiftPointsType.swift in Sources */,
				9DCD15EC1D8C560300E50856 /* HistoryPointsCell.swift in Sources */,
				9DA88D211D79F376000C53A3 /* FAQTabFourViewController.swift in Sources */,
				9D926E511D70FC780040FDF8 /* Preference.swift in Sources */,
				9DDD88B71D806F2A00EB6698 /* PromoCell.swift in Sources */,
				9DA88D1F1D79F364000C53A3 /* FAQTabThreeViewController.swift in Sources */,
				9DC578721D773A0200DF4860 /* History.swift in Sources */,
				9DC87AAC1D7F3BFD00BFECF1 /* FAQ.swift in Sources */,
				9DF696111D93043A00C22251 /* TableViewController.swift in Sources */,
				9DC578701D7739E900DF4860 /* Shop.swift in Sources */,
				9DD4B7551D78DAEA00C32DC7 /* Notification.swift in Sources */,
				9D2CA05D1D6CBD2F00F8997E /* AppDelegate.swift in Sources */,
				AB5A5D0A1DB96D0C000B55EF /* Utils.swift in Sources */,
				9D926E3E1D70E4EF0040FDF8 /* PointsTabViewController.swift in Sources */,
				9DCB51AE1D74E0F80056774C /* ProductViewController.swift in Sources */,
				9DCB52431D8356CB00D36FE6 /* DetailProductViewController.swift in Sources */,
				9D926E3C1D70E4D60040FDF8 /* HomeTabViewController.swift in Sources */,
				9DCB51AC1D74E0EA0056774C /* ShopViewController.swift in Sources */,
				9DCD15C41D8C52C400E50856 /* HistoryPointsViewController.swift in Sources */,
				9D926E4D1D70EFA30040FDF8 /* FAQTabTwoViewController.swift in Sources */,
				9DC658AE1D7DDAB30029DC3F /* DetailGiftPointsViewController.swift in Sources */,
				9DC658B21D7DDAFE0029DC3F /* DetailChangePointsViewController.swift in Sources */,
				9DB9FA641D6F48C600E24891 /* ProfileViewController.swift in Sources */,
				9D926E431D70EF260040FDF8 /* NotificationTabOneViewController.swift in Sources */,
				9DA88D231D79F42E000C53A3 /* PointsTabThreeViewController.swift in Sources */,
				9DAADE161D7630DD00D9ADE1 /* DetailPromoViewController.swift in Sources */,
				9D7B07D21D6CFBB600BB5FF1 /* RegisterViewController.swift in Sources */,
				9DCB51AA1D74E0DD0056774C /* PromoViewController.swift in Sources */,
				9D1350181DA2F91D00CBEC06 /* KonkatViewController.swift in Sources */,
				9DA88D1D1D79E9FC000C53A3 /* Category.swift in Sources */,
				9DAADDE41D75EE1D00D9ADE1 /* Promo.swift in Sources */,
				9DDD88B91D8071A200EB6698 /* ProductCell.swift in Sources */,
				9DE4A1721D87171700C3AD6E /* WishCell.swift in Sources */,
				9DCB523F1D831CED00D36FE6 /* DetailCategoryViewController.swift in Sources */,
				9DABCF441DA6E4CA00550DDD /* MenuContainerViewController.swift in Sources */,
				9D926E311D70CD8C0040FDF8 /* NavigationViewController.swift in Sources */,
				9D926E491D70EF650040FDF8 /* PointsTabTwoViewController.swift in Sources */,
			);
			runOnlyForDeploymentPostprocessing = 0;
		};
/* End PBXSourcesBuildPhase section */

/* Begin PBXTargetDependency section */
		9DC6595F1D7E290C0029DC3F /* PBXTargetDependency */ = {
			isa = PBXTargetDependency;
			name = "SwiftyJSON iOS";
			targetProxy = 9DC6595E1D7E290C0029DC3F /* PBXContainerItemProxy */;
		};
		9DC659611D7E29110029DC3F /* PBXTargetDependency */ = {
			isa = PBXTargetDependency;
			name = "Alamofire iOS";
			targetProxy = 9DC659601D7E29110029DC3F /* PBXContainerItemProxy */;
		};
		9DC659631D7E29180029DC3F /* PBXTargetDependency */ = {
			isa = PBXTargetDependency;
			name = "CryptoSwift iOS";
			targetProxy = 9DC659621D7E29180029DC3F /* PBXContainerItemProxy */;
		};
		9DC659671D7E29250029DC3F /* PBXTargetDependency */ = {
			isa = PBXTargetDependency;
			name = JLToast;
			targetProxy = 9DC659661D7E29250029DC3F /* PBXContainerItemProxy */;
		};
		ABBF14B11DC13A5A0063F632 /* PBXTargetDependency */ = {
			isa = PBXTargetDependency;
			name = "Haneke-iOS";
			targetProxy = ABBF14B01DC13A5A0063F632 /* PBXContainerItemProxy */;
		};
/* End PBXTargetDependency section */

/* Begin PBXVariantGroup section */
		9D2CA0601D6CBD2F00F8997E /* Main.storyboard */ = {
			isa = PBXVariantGroup;
			children = (
				9D2CA0611D6CBD2F00F8997E /* Base */,
			);
			name = Main.storyboard;
			sourceTree = "<group>";
		};
		9D2CA0651D6CBD2F00F8997E /* LaunchScreen.storyboard */ = {
			isa = PBXVariantGroup;
			children = (
				9D2CA0661D6CBD2F00F8997E /* Base */,
			);
			name = LaunchScreen.storyboard;
			sourceTree = "<group>";
		};
/* End PBXVariantGroup section */

/* Begin XCBuildConfiguration section */
		9D2CA0691D6CBD2F00F8997E /* Debug */ = {
			isa = XCBuildConfiguration;
			buildSettings = {
				ALWAYS_SEARCH_USER_PATHS = NO;
				CLANG_ANALYZER_NONNULL = YES;
				CLANG_CXX_LANGUAGE_STANDARD = "gnu++0x";
				CLANG_CXX_LIBRARY = "libc++";
				CLANG_ENABLE_MODULES = YES;
				CLANG_ENABLE_OBJC_ARC = YES;
				CLANG_WARN_BOOL_CONVERSION = YES;
				CLANG_WARN_CONSTANT_CONVERSION = YES;
				CLANG_WARN_DIRECT_OBJC_ISA_USAGE = YES_ERROR;
				CLANG_WARN_EMPTY_BODY = YES;
				CLANG_WARN_ENUM_CONVERSION = YES;
				CLANG_WARN_INT_CONVERSION = YES;
				CLANG_WARN_OBJC_ROOT_CLASS = YES_ERROR;
				CLANG_WARN_UNREACHABLE_CODE = YES;
				CLANG_WARN__DUPLICATE_METHOD_MATCH = YES;
				"CODE_SIGN_IDENTITY[sdk=iphoneos*]" = "iPhone Developer";
				COPY_PHASE_STRIP = NO;
				DEBUG_INFORMATION_FORMAT = dwarf;
				ENABLE_STRICT_OBJC_MSGSEND = YES;
				ENABLE_TESTABILITY = YES;
				GCC_C_LANGUAGE_STANDARD = gnu99;
				GCC_DYNAMIC_NO_PIC = NO;
				GCC_NO_COMMON_BLOCKS = YES;
				GCC_OPTIMIZATION_LEVEL = 0;
				GCC_PREPROCESSOR_DEFINITIONS = (
					"DEBUG=1",
					"$(inherited)",
				);
				GCC_WARN_64_TO_32_BIT_CONVERSION = YES;
				GCC_WARN_ABOUT_RETURN_TYPE = YES_ERROR;
				GCC_WARN_UNDECLARED_SELECTOR = YES;
				GCC_WARN_UNINITIALIZED_AUTOS = YES_AGGRESSIVE;
				GCC_WARN_UNUSED_FUNCTION = YES;
				GCC_WARN_UNUSED_VARIABLE = YES;
				IPHONEOS_DEPLOYMENT_TARGET = 9.3;
				MTL_ENABLE_DEBUG_INFO = YES;
				ONLY_ACTIVE_ARCH = YES;
				SDKROOT = iphoneos;
				SWIFT_OPTIMIZATION_LEVEL = "-Onone";
			};
			name = Debug;
		};
		9D2CA06A1D6CBD2F00F8997E /* Release */ = {
			isa = XCBuildConfiguration;
			buildSettings = {
				ALWAYS_SEARCH_USER_PATHS = NO;
				CLANG_ANALYZER_NONNULL = YES;
				CLANG_CXX_LANGUAGE_STANDARD = "gnu++0x";
				CLANG_CXX_LIBRARY = "libc++";
				CLANG_ENABLE_MODULES = YES;
				CLANG_ENABLE_OBJC_ARC = YES;
				CLANG_WARN_BOOL_CONVERSION = YES;
				CLANG_WARN_CONSTANT_CONVERSION = YES;
				CLANG_WARN_DIRECT_OBJC_ISA_USAGE = YES_ERROR;
				CLANG_WARN_EMPTY_BODY = YES;
				CLANG_WARN_ENUM_CONVERSION = YES;
				CLANG_WARN_INT_CONVERSION = YES;
				CLANG_WARN_OBJC_ROOT_CLASS = YES_ERROR;
				CLANG_WARN_UNREACHABLE_CODE = YES;
				CLANG_WARN__DUPLICATE_METHOD_MATCH = YES;
				"CODE_SIGN_IDENTITY[sdk=iphoneos*]" = "iPhone Developer";
				COPY_PHASE_STRIP = NO;
				DEBUG_INFORMATION_FORMAT = "dwarf-with-dsym";
				ENABLE_NS_ASSERTIONS = NO;
				ENABLE_STRICT_OBJC_MSGSEND = YES;
				GCC_C_LANGUAGE_STANDARD = gnu99;
				GCC_NO_COMMON_BLOCKS = YES;
				GCC_WARN_64_TO_32_BIT_CONVERSION = YES;
				GCC_WARN_ABOUT_RETURN_TYPE = YES_ERROR;
				GCC_WARN_UNDECLARED_SELECTOR = YES;
				GCC_WARN_UNINITIALIZED_AUTOS = YES_AGGRESSIVE;
				GCC_WARN_UNUSED_FUNCTION = YES;
				GCC_WARN_UNUSED_VARIABLE = YES;
				IPHONEOS_DEPLOYMENT_TARGET = 9.3;
				MTL_ENABLE_DEBUG_INFO = NO;
				SDKROOT = iphoneos;
				VALIDATE_PRODUCT = YES;
			};
			name = Release;
		};
		9D2CA06C1D6CBD2F00F8997E /* Debug */ = {
			isa = XCBuildConfiguration;
			buildSettings = {
				ARCHS = "$(ARCHS_STANDARD)";
				ASSETCATALOG_COMPILER_APPICON_NAME = AppIcon;
				CLANG_ENABLE_OBJC_WEAK = NO;
				CODE_SIGN_ENTITLEMENTS = BeakonIOS/BeakonIOS.entitlements;
				CODE_SIGN_IDENTITY = "iPhone Developer";
				"CODE_SIGN_IDENTITY[sdk=iphoneos*]" = "iPhone Developer";
				COPY_HEADERS_RUN_UNIFDEF = NO;
				EMBEDDED_CONTENT_CONTAINS_SWIFT = YES;
				ENABLE_BITCODE = YES;
				FRAMEWORK_SEARCH_PATHS = (
					"$(inherited)",
					"$(PROJECT_DIR)/FacebookSDKs-iOS-4.15.0",
					"$(PROJECT_DIR)/FacebookSDKs-iOS-4.15.0",
					"(1)",
					"$(PROJECT_DIR)/FacebookSDKs-iOS-4.15.0",
					"(1)",
					"$(PROJECT_DIR)/FacebookSDKs-iOS-4.15.0",
					"(1)",
					"$(PROJECT_DIR)/FacebookSDKs-iOS-4.15.0",
					"(1)",
					"$(PROJECT_DIR)/FacebookSDKs-iOS-4.15.0",
					"(1)",
					"$(PROJECT_DIR)/kontakt-ios-sdk-master/KontaktSDK/OSX",
					"$(PROJECT_DIR)/kontakt-ios-sdk-master/KontaktSDK/iOS",
					"$(PROJECT_DIR)/kontakt-ios-sdk/KontaktSDK/iOS",
					"$(PROJECT_DIR)/facebook-sdk-swift/Carthage/Checkouts/facebook-ios-sdk/FBSDKLoginKit/build/Debug-iphoneos",
					"$(PROJECT_DIR)/FacebookSDK",
					"$(PROJECT_DIR)/ios-branch-deep-linking",
					"$(PROJECT_DIR)/kontakt/KontaktSDK/iOS",
				);
				INFOPLIST_FILE = BeakonIOS/Info.plist;
				IPHONEOS_DEPLOYMENT_TARGET = 8.0;
				LD_RUNPATH_SEARCH_PATHS = "$(inherited) @executable_path/Frameworks";
				New_Setting = "";
				ONLY_ACTIVE_ARCH = YES;
				PRODUCT_BUNDLE_IDENTIFIER = centaurosolutions.com.BeakonIOS;
				PRODUCT_NAME = "$(TARGET_NAME)";
				PROVISIONING_PROFILE = "";
				SWIFT_INSTALL_OBJC_HEADER = YES;
				SWIFT_OBJC_BRIDGING_HEADER = Header.h;
				TARGETED_DEVICE_FAMILY = 1;
				VALID_ARCHS = "arm64 armv7 armv7s";
			};
			name = Debug;
		};
		9D2CA06D1D6CBD2F00F8997E /* Release */ = {
			isa = XCBuildConfiguration;
			buildSettings = {
				ARCHS = "$(ARCHS_STANDARD)";
				ASSETCATALOG_COMPILER_APPICON_NAME = AppIcon;
				CLANG_ENABLE_OBJC_WEAK = NO;
				CODE_SIGN_ENTITLEMENTS = BeakonIOS/BeakonIOS.entitlements;
				CODE_SIGN_IDENTITY = "iPhone Developer";
				"CODE_SIGN_IDENTITY[sdk=iphoneos*]" = "iPhone Developer";
				COPY_HEADERS_RUN_UNIFDEF = NO;
				EMBEDDED_CONTENT_CONTAINS_SWIFT = YES;
				ENABLE_BITCODE = YES;
				ENABLE_TESTABILITY = NO;
				FRAMEWORK_SEARCH_PATHS = (
					"$(inherited)",
					"$(PROJECT_DIR)/FacebookSDKs-iOS-4.15.0",
					"$(PROJECT_DIR)/FacebookSDKs-iOS-4.15.0",
					"(1)",
					"$(PROJECT_DIR)/FacebookSDKs-iOS-4.15.0",
					"(1)",
					"$(PROJECT_DIR)/FacebookSDKs-iOS-4.15.0",
					"(1)",
					"$(PROJECT_DIR)/FacebookSDKs-iOS-4.15.0",
					"(1)",
					"$(PROJECT_DIR)/FacebookSDKs-iOS-4.15.0",
					"(1)",
					"$(PROJECT_DIR)/kontakt-ios-sdk-master/KontaktSDK/OSX",
					"$(PROJECT_DIR)/kontakt-ios-sdk-master/KontaktSDK/iOS",
					"$(PROJECT_DIR)/kontakt-ios-sdk/KontaktSDK/iOS",
					"$(PROJECT_DIR)/facebook-sdk-swift/Carthage/Checkouts/facebook-ios-sdk/FBSDKLoginKit/build/Debug-iphoneos",
					"$(PROJECT_DIR)/FacebookSDK",
					"$(PROJECT_DIR)/ios-branch-deep-linking",
					"$(PROJECT_DIR)/kontakt/KontaktSDK/iOS",
				);
				INFOPLIST_FILE = BeakonIOS/Info.plist;
				IPHONEOS_DEPLOYMENT_TARGET = 8.0;
				LD_RUNPATH_SEARCH_PATHS = "$(inherited) @executable_path/Frameworks";
				New_Setting = "";
				ONLY_ACTIVE_ARCH = YES;
				OTHER_SWIFT_FLAGS = "";
				PRODUCT_BUNDLE_IDENTIFIER = centaurosolutions.com.BeakonIOS;
				PRODUCT_NAME = "$(TARGET_NAME)";
				PROVISIONING_PROFILE = "";
				SWIFT_INSTALL_OBJC_HEADER = YES;
				SWIFT_OBJC_BRIDGING_HEADER = Header.h;
				TARGETED_DEVICE_FAMILY = 1;
				VALID_ARCHS = "arm64 armv7 armv7s";
			};
			name = Release;
		};
/* End XCBuildConfiguration section */

/* Begin XCConfigurationList section */
		9D2CA0541D6CBD2F00F8997E /* Build configuration list for PBXProject "BeakonIOS" */ = {
			isa = XCConfigurationList;
			buildConfigurations = (
				9D2CA0691D6CBD2F00F8997E /* Debug */,
				9D2CA06A1D6CBD2F00F8997E /* Release */,
			);
			defaultConfigurationIsVisible = 0;
			defaultConfigurationName = Release;
		};
		9D2CA06B1D6CBD2F00F8997E /* Build configuration list for PBXNativeTarget "BeakonIOS" */ = {
			isa = XCConfigurationList;
			buildConfigurations = (
				9D2CA06C1D6CBD2F00F8997E /* Debug */,
				9D2CA06D1D6CBD2F00F8997E /* Release */,
			);
			defaultConfigurationIsVisible = 0;
			defaultConfigurationName = Release;
		};
/* End XCConfigurationList section */
	};
	rootObject = 9D2CA0511D6CBD2F00F8997E /* Project object */;
}
